// !$*UTF8*$!
{
	archiveVersion = 1;
	classes = {
	};
	objectVersion = 46;
	objects = {

/* Begin PBXAggregateTarget section */
		A3A4602D4B6719820546BA7D /* nopainnoGain - All */ = {
			isa = PBXAggregateTarget;
			buildConfigurationList = 950934B9F52D024705711D56 /* Build configuration list for PBXAggregateTarget "nopainnoGain - All" */;
			buildPhases = (
			);
			dependencies = (
				37B3FFD579DF8F2E5D0984C3 /* PBXTargetDependency */,
				F2DA7F38AEDCC0DC92623DF4 /* PBXTargetDependency */,
				28FCD027913A895DC425AF50 /* PBXTargetDependency */,
				B35FC258828C136D75CC4125 /* PBXTargetDependency */,
			);
			name = "nopainnoGain - All";
			productName = nopainnoGain;
		};
/* End PBXAggregateTarget section */

/* Begin PBXBuildFile section */
		036832EDFAABC6B9FB278CBB /* include_juce_audio_plugin_client_AU_2.mm in Sources */ = {isa = PBXBuildFile; fileRef = BA2F9E65F16E0184D2A65759 /* include_juce_audio_plugin_client_AU_2.mm */; };
		12DC90C1E05835E3078A7BAF /* include_juce_audio_utils.mm in Sources */ = {isa = PBXBuildFile; fileRef = 2CB484FF55A1296246A3D8A7 /* include_juce_audio_utils.mm */; };
		16161BCBB2088C98CA6BA2D1 /* include_juce_audio_devices.mm in Sources */ = {isa = PBXBuildFile; fileRef = EBC03197B4CBEE07BD0E83DF /* include_juce_audio_devices.mm */; };
		197D5B5CBA27643BB61B1621 /* IOKit.framework in Frameworks */ = {isa = PBXBuildFile; fileRef = 57CD38A33E3C9A3A0569F1B9 /* IOKit.framework */; };
		1A63915FC55972C78F64F054 /* include_juce_data_structures.mm in Sources */ = {isa = PBXBuildFile; fileRef = 9C7AB355424D8301BD0DB7D1 /* include_juce_data_structures.mm */; };
		1F03F56149E1A9E0E34543A7 /* WebKit.framework in Frameworks */ = {isa = PBXBuildFile; fileRef = D9D60038DDA2D5B157ECD501 /* WebKit.framework */; };
		1FB9D466832A1893F71073EA /* CoreMIDI.framework in Frameworks */ = {isa = PBXBuildFile; fileRef = 1155033864E457A17919C94D /* CoreMIDI.framework */; };
		248A7EE9F59F8D1E79CC7A65 /* include_juce_audio_plugin_client_AU.r in Rez */ = {isa = PBXBuildFile; fileRef = 46AA0FB3D78AE16A4FD8306C /* include_juce_audio_plugin_client_AU.r */; };
		32DAAB2389BD49A2C1C42E7A /* include_juce_audio_plugin_client_utils.cpp in Sources */ = {isa = PBXBuildFile; fileRef = B77EF74F4AE7734229BA0A8E /* include_juce_audio_plugin_client_utils.cpp */; };
		3421D38C576093BAF20F8616 /* CoreAudio.framework in Frameworks */ = {isa = PBXBuildFile; fileRef = E32EA66F3BABAB5FE5CA968D /* CoreAudio.framework */; };
		3535AFE85BA0D7AB35C579FE /* Cocoa.framework in Frameworks */ = {isa = PBXBuildFile; fileRef = B85059711153B72DD8219C6B /* Cocoa.framework */; };
		484965A48A7EAAFEBC6050E7 /* include_juce_gui_extra.mm in Sources */ = {isa = PBXBuildFile; fileRef = 467D23209A8BC64CBB5D0CDE /* include_juce_gui_extra.mm */; };
		4FDE8C02942C33D6C6F78E91 /* include_juce_audio_processors.mm in Sources */ = {isa = PBXBuildFile; fileRef = 26D6DE446008145D2CE2007F /* include_juce_audio_processors.mm */; };
		56F86BD75B3FB781D0FFA0C0 /* AudioToolbox.framework in Frameworks */ = {isa = PBXBuildFile; fileRef = C3CFA8659EB30A2752792EE9 /* AudioToolbox.framework */; };
		571BE23AA70F77AB6A75970C /* include_juce_events.mm in Sources */ = {isa = PBXBuildFile; fileRef = C4305CCEAE0040254083AD92 /* include_juce_events.mm */; };
		7AE2FBFB8307C73B0F125BA5 /* include_juce_audio_plugin_client_VST3.cpp in Sources */ = {isa = PBXBuildFile; fileRef = 304BDCB6A6F26AD240D9B97D /* include_juce_audio_plugin_client_VST3.cpp */; };
		86050B1C5666B7B79CD0EDCD /* CoreAudioKit.framework in Frameworks */ = {isa = PBXBuildFile; fileRef = 17AE6A92CD825AB97AB9B3E5 /* CoreAudioKit.framework */; };
		88AA9CCDF1D91FD6BFF5D72B /* include_juce_core.mm in Sources */ = {isa = PBXBuildFile; fileRef = 4C99522C58C8F0F5584481ED /* include_juce_core.mm */; };
		8EE84A32DFC0174243067530 /* include_juce_audio_formats.mm in Sources */ = {isa = PBXBuildFile; fileRef = 60D6EB2EBF446B7D7BAD0DB5 /* include_juce_audio_formats.mm */; };
		9510FC4B1C5D3229E2040B6B /* Carbon.framework in Frameworks */ = {isa = PBXBuildFile; fileRef = 004E8D13619C16AE81A0CB7F /* Carbon.framework */; };
		9C49343DB136F32BE81088FD /* QuartzCore.framework in Frameworks */ = {isa = PBXBuildFile; fileRef = 73E7A4AC1107AC8E3BF5BE56 /* QuartzCore.framework */; };
		A314DFA17082C63904B99C65 /* AudioUnit.framework in Frameworks */ = {isa = PBXBuildFile; fileRef = 4983F644CE6D528D990A7D6D /* AudioUnit.framework */; };
		A391E16AA2B33F94D4B1F4F4 /* Accelerate.framework in Frameworks */ = {isa = PBXBuildFile; fileRef = ECC2010BA1CE727B8CCFF5D1 /* Accelerate.framework */; };
		A82E3C2421B64D82F7C34541 /* RecentFilesMenuTemplate.nib in Resources */ = {isa = PBXBuildFile; fileRef = D5C385C040A14C11C8AD1EF7 /* RecentFilesMenuTemplate.nib */; };
		C5296F83DB1A7DE531F47611 /* include_juce_audio_plugin_client_VST_utils.mm in Sources */ = {isa = PBXBuildFile; fileRef = E0871E13AEABC50EC11F7742 /* include_juce_audio_plugin_client_VST_utils.mm */; };
		C5C1D96E1C0964F7F5F8555D /* DiscRecording.framework in Frameworks */ = {isa = PBXBuildFile; fileRef = FA23B315A0FC956101723C44 /* DiscRecording.framework */; };
		D27F84EE4CE70B434A7723B3 /* include_juce_audio_plugin_client_AU_1.mm in Sources */ = {isa = PBXBuildFile; fileRef = C6212B510096107EC81C64D0 /* include_juce_audio_plugin_client_AU_1.mm */; };
		D5E7D8C182473AC8B4748E19 /* PluginEditor.cpp in Sources */ = {isa = PBXBuildFile; fileRef = 8F67A0BD2B9371BB51AD440A /* PluginEditor.cpp */; };
		DFB3BDCB9121C39040729934 /* PluginProcessor.cpp in Sources */ = {isa = PBXBuildFile; fileRef = 261A1BF1204D7609CDE5FA80 /* PluginProcessor.cpp */; };
		E1379F75F0BA9F04ACAB451F /* include_juce_graphics.mm in Sources */ = {isa = PBXBuildFile; fileRef = B4081AF2F40EF6A8FD115054 /* include_juce_graphics.mm */; };
		EBFB861CEBBFA7679C02DF18 /* include_juce_audio_basics.mm in Sources */ = {isa = PBXBuildFile; fileRef = F5025C2DB8456BE875523072 /* include_juce_audio_basics.mm */; };
		F27E50AE60848B63CBD968B0 /* include_juce_audio_plugin_client_Standalone.cpp in Sources */ = {isa = PBXBuildFile; fileRef = 2FEF55CB053159884D9815A4 /* include_juce_audio_plugin_client_Standalone.cpp */; };
		F507B9B724C36CFD001232AB /* RecentFilesMenuTemplate.nib in Resources */ = {isa = PBXBuildFile; fileRef = D5C385C040A14C11C8AD1EF7 /* RecentFilesMenuTemplate.nib */; };
		F507B9B824C36CFD001232AB /* Accelerate.framework in Frameworks */ = {isa = PBXBuildFile; fileRef = ECC2010BA1CE727B8CCFF5D1 /* Accelerate.framework */; };
		F507B9B924C36CFD001232AB /* AudioToolbox.framework in Frameworks */ = {isa = PBXBuildFile; fileRef = C3CFA8659EB30A2752792EE9 /* AudioToolbox.framework */; };
		F507B9BA24C36CFD001232AB /* Carbon.framework in Frameworks */ = {isa = PBXBuildFile; fileRef = 004E8D13619C16AE81A0CB7F /* Carbon.framework */; };
		F507B9BB24C36CFD001232AB /* Cocoa.framework in Frameworks */ = {isa = PBXBuildFile; fileRef = B85059711153B72DD8219C6B /* Cocoa.framework */; };
		F507B9BC24C36CFD001232AB /* CoreAudio.framework in Frameworks */ = {isa = PBXBuildFile; fileRef = E32EA66F3BABAB5FE5CA968D /* CoreAudio.framework */; };
		F507B9BD24C36CFD001232AB /* CoreAudioKit.framework in Frameworks */ = {isa = PBXBuildFile; fileRef = 17AE6A92CD825AB97AB9B3E5 /* CoreAudioKit.framework */; };
		F507B9BE24C36CFD001232AB /* CoreMIDI.framework in Frameworks */ = {isa = PBXBuildFile; fileRef = 1155033864E457A17919C94D /* CoreMIDI.framework */; };
		F507B9BF24C36CFD001232AB /* DiscRecording.framework in Frameworks */ = {isa = PBXBuildFile; fileRef = FA23B315A0FC956101723C44 /* DiscRecording.framework */; };
		F507B9C024C36CFD001232AB /* IOKit.framework in Frameworks */ = {isa = PBXBuildFile; fileRef = 57CD38A33E3C9A3A0569F1B9 /* IOKit.framework */; };
		F507B9C124C36CFD001232AB /* QuartzCore.framework in Frameworks */ = {isa = PBXBuildFile; fileRef = 73E7A4AC1107AC8E3BF5BE56 /* QuartzCore.framework */; };
		F507B9C224C36CFD001232AB /* WebKit.framework in Frameworks */ = {isa = PBXBuildFile; fileRef = D9D60038DDA2D5B157ECD501 /* WebKit.framework */; };
		F507B9C324C36CFD001232AB /* RecentFilesMenuTemplate.nib in Resources */ = {isa = PBXBuildFile; fileRef = D5C385C040A14C11C8AD1EF7 /* RecentFilesMenuTemplate.nib */; };
		F507B9C424C36CFD001232AB /* Accelerate.framework in Frameworks */ = {isa = PBXBuildFile; fileRef = ECC2010BA1CE727B8CCFF5D1 /* Accelerate.framework */; };
		F507B9C524C36CFD001232AB /* AudioToolbox.framework in Frameworks */ = {isa = PBXBuildFile; fileRef = C3CFA8659EB30A2752792EE9 /* AudioToolbox.framework */; };
		F507B9C624C36CFD001232AB /* Carbon.framework in Frameworks */ = {isa = PBXBuildFile; fileRef = 004E8D13619C16AE81A0CB7F /* Carbon.framework */; };
		F507B9C724C36CFD001232AB /* Cocoa.framework in Frameworks */ = {isa = PBXBuildFile; fileRef = B85059711153B72DD8219C6B /* Cocoa.framework */; };
		F507B9C824C36CFD001232AB /* CoreAudio.framework in Frameworks */ = {isa = PBXBuildFile; fileRef = E32EA66F3BABAB5FE5CA968D /* CoreAudio.framework */; };
		F507B9C924C36CFD001232AB /* CoreAudioKit.framework in Frameworks */ = {isa = PBXBuildFile; fileRef = 17AE6A92CD825AB97AB9B3E5 /* CoreAudioKit.framework */; };
		F507B9CA24C36CFD001232AB /* CoreMIDI.framework in Frameworks */ = {isa = PBXBuildFile; fileRef = 1155033864E457A17919C94D /* CoreMIDI.framework */; };
		F507B9CB24C36CFD001232AB /* DiscRecording.framework in Frameworks */ = {isa = PBXBuildFile; fileRef = FA23B315A0FC956101723C44 /* DiscRecording.framework */; };
		F507B9CC24C36CFD001232AB /* IOKit.framework in Frameworks */ = {isa = PBXBuildFile; fileRef = 57CD38A33E3C9A3A0569F1B9 /* IOKit.framework */; };
		F507B9CD24C36CFD001232AB /* QuartzCore.framework in Frameworks */ = {isa = PBXBuildFile; fileRef = 73E7A4AC1107AC8E3BF5BE56 /* QuartzCore.framework */; };
		F507B9CE24C36CFD001232AB /* WebKit.framework in Frameworks */ = {isa = PBXBuildFile; fileRef = D9D60038DDA2D5B157ECD501 /* WebKit.framework */; };
		FC7F4D4A5CF7C515C1283498 /* include_juce_gui_basics.mm in Sources */ = {isa = PBXBuildFile; fileRef = 7A91CE04054A6234CF48B399 /* include_juce_gui_basics.mm */; };
/* End PBXBuildFile section */

/* Begin PBXContainerItemProxy section */
		F507B9CF24C36CFE001232AB /* PBXContainerItemProxy */ = {
			isa = PBXContainerItemProxy;
			containerPortal = F20824F361C01472079C88D4 /* Project object */;
			proxyType = 1;
			remoteGlobalIDString = 7EA0AD50B12F8544B9CFEB56;
			remoteInfo = "nopainnoGain - Shared Code";
		};
		F507B9D024C36CFE001232AB /* PBXContainerItemProxy */ = {
			isa = PBXContainerItemProxy;
			containerPortal = F20824F361C01472079C88D4 /* Project object */;
			proxyType = 1;
			remoteGlobalIDString = 7EA0AD50B12F8544B9CFEB56;
			remoteInfo = "nopainnoGain - Shared Code";
		};
		F507B9D124C36CFE001232AB /* PBXContainerItemProxy */ = {
			isa = PBXContainerItemProxy;
			containerPortal = F20824F361C01472079C88D4 /* Project object */;
			proxyType = 1;
			remoteGlobalIDString = 7EA0AD50B12F8544B9CFEB56;
			remoteInfo = "nopainnoGain - Shared Code";
		};
		F507B9D224C36CFE001232AB /* PBXContainerItemProxy */ = {
			isa = PBXContainerItemProxy;
			containerPortal = F20824F361C01472079C88D4 /* Project object */;
			proxyType = 1;
			remoteGlobalIDString = D517ADADA6D1787EF14D81FD;
			remoteInfo = "nopainnoGain - VST3";
		};
		F507B9D324C36CFE001232AB /* PBXContainerItemProxy */ = {
			isa = PBXContainerItemProxy;
			containerPortal = F20824F361C01472079C88D4 /* Project object */;
			proxyType = 1;
			remoteGlobalIDString = 07A22C8878A0943704BEFCEB;
			remoteInfo = "nopainnoGain - AU";
		};
		F507B9D424C36CFE001232AB /* PBXContainerItemProxy */ = {
			isa = PBXContainerItemProxy;
			containerPortal = F20824F361C01472079C88D4 /* Project object */;
			proxyType = 1;
			remoteGlobalIDString = BDCC928B3DEDD526E4C84EDE;
			remoteInfo = "nopainnoGain - Standalone Plugin";
		};
		F507B9D524C36CFE001232AB /* PBXContainerItemProxy */ = {
			isa = PBXContainerItemProxy;
			containerPortal = F20824F361C01472079C88D4 /* Project object */;
			proxyType = 1;
			remoteGlobalIDString = 7EA0AD50B12F8544B9CFEB56;
			remoteInfo = "nopainnoGain - Shared Code";
		};
/* End PBXContainerItemProxy section */

/* Begin PBXFileReference section */
		003473BD004FDE38876410B7 /* JuceHeader.h */ = {isa = PBXFileReference; lastKnownFileType = sourcecode.c.h; name = JuceHeader.h; path = ../../JuceLibraryCode/JuceHeader.h; sourceTree = SOURCE_ROOT; };
		004E8D13619C16AE81A0CB7F /* Carbon.framework */ = {isa = PBXFileReference; lastKnownFileType = wrapper.framework; name = Carbon.framework; path = System/Library/Frameworks/Carbon.framework; sourceTree = SDKROOT; };
		0F0BD58574881FBAF5013B1E /* nopainnoGain.component */ = {isa = PBXFileReference; explicitFileType = wrapper.cfbundle; includeInIndex = 0; path = nopainnoGain.component; sourceTree = BUILT_PRODUCTS_DIR; };
		1155033864E457A17919C94D /* CoreMIDI.framework */ = {isa = PBXFileReference; lastKnownFileType = wrapper.framework; name = CoreMIDI.framework; path = System/Library/Frameworks/CoreMIDI.framework; sourceTree = SDKROOT; };
		17AE6A92CD825AB97AB9B3E5 /* CoreAudioKit.framework */ = {isa = PBXFileReference; lastKnownFileType = wrapper.framework; name = CoreAudioKit.framework; path = System/Library/Frameworks/CoreAudioKit.framework; sourceTree = SDKROOT; };
		261A1BF1204D7609CDE5FA80 /* PluginProcessor.cpp */ = {isa = PBXFileReference; lastKnownFileType = sourcecode.cpp.cpp; name = PluginProcessor.cpp; path = ../../Source/PluginProcessor.cpp; sourceTree = SOURCE_ROOT; };
		26D6DE446008145D2CE2007F /* include_juce_audio_processors.mm */ = {isa = PBXFileReference; lastKnownFileType = sourcecode.cpp.objcpp; name = include_juce_audio_processors.mm; path = ../../JuceLibraryCode/include_juce_audio_processors.mm; sourceTree = SOURCE_ROOT; };
		2CB484FF55A1296246A3D8A7 /* include_juce_audio_utils.mm */ = {isa = PBXFileReference; lastKnownFileType = sourcecode.cpp.objcpp; name = include_juce_audio_utils.mm; path = ../../JuceLibraryCode/include_juce_audio_utils.mm; sourceTree = SOURCE_ROOT; };
		2F0457B1024CEDC887E4AF39 /* nopainnoGain.vst3 */ = {isa = PBXFileReference; explicitFileType = wrapper.cfbundle; includeInIndex = 0; path = nopainnoGain.vst3; sourceTree = BUILT_PRODUCTS_DIR; };
		2FEF55CB053159884D9815A4 /* include_juce_audio_plugin_client_Standalone.cpp */ = {isa = PBXFileReference; lastKnownFileType = sourcecode.cpp.cpp; name = include_juce_audio_plugin_client_Standalone.cpp; path = ../../JuceLibraryCode/include_juce_audio_plugin_client_Standalone.cpp; sourceTree = SOURCE_ROOT; };
		304BDCB6A6F26AD240D9B97D /* include_juce_audio_plugin_client_VST3.cpp */ = {isa = PBXFileReference; lastKnownFileType = sourcecode.cpp.cpp; name = include_juce_audio_plugin_client_VST3.cpp; path = ../../JuceLibraryCode/include_juce_audio_plugin_client_VST3.cpp; sourceTree = SOURCE_ROOT; };
		30BA97F780796D22452D5643 /* PluginEditor.h */ = {isa = PBXFileReference; lastKnownFileType = sourcecode.c.h; name = PluginEditor.h; path = ../../Source/PluginEditor.h; sourceTree = SOURCE_ROOT; };
		467D23209A8BC64CBB5D0CDE /* include_juce_gui_extra.mm */ = {isa = PBXFileReference; lastKnownFileType = sourcecode.cpp.objcpp; name = include_juce_gui_extra.mm; path = ../../JuceLibraryCode/include_juce_gui_extra.mm; sourceTree = SOURCE_ROOT; };
		46AA0FB3D78AE16A4FD8306C /* include_juce_audio_plugin_client_AU.r */ = {isa = PBXFileReference; lastKnownFileType = file.r; name = include_juce_audio_plugin_client_AU.r; path = ../../JuceLibraryCode/include_juce_audio_plugin_client_AU.r; sourceTree = SOURCE_ROOT; };
		4983F644CE6D528D990A7D6D /* AudioUnit.framework */ = {isa = PBXFileReference; lastKnownFileType = wrapper.framework; name = AudioUnit.framework; path = System/Library/Frameworks/AudioUnit.framework; sourceTree = SDKROOT; };
		4C99522C58C8F0F5584481ED /* include_juce_core.mm */ = {isa = PBXFileReference; lastKnownFileType = sourcecode.cpp.objcpp; name = include_juce_core.mm; path = ../../JuceLibraryCode/include_juce_core.mm; sourceTree = SOURCE_ROOT; };
		537D83C76CAF6CD08C3EE241 /* juce_data_structures */ = {isa = PBXFileReference; lastKnownFileType = text; name = juce_data_structures; path = "~/JUCE/modules/juce_data_structures"; sourceTree = "<absolute>"; };
		54AC678E8F8DDA3C97CB0A88 /* Info-AU.plist */ = {isa = PBXFileReference; lastKnownFileType = text.plist.xml; path = "Info-AU.plist"; sourceTree = SOURCE_ROOT; };
		57CD38A33E3C9A3A0569F1B9 /* IOKit.framework */ = {isa = PBXFileReference; lastKnownFileType = wrapper.framework; name = IOKit.framework; path = System/Library/Frameworks/IOKit.framework; sourceTree = SDKROOT; };
		60D6EB2EBF446B7D7BAD0DB5 /* include_juce_audio_formats.mm */ = {isa = PBXFileReference; lastKnownFileType = sourcecode.cpp.objcpp; name = include_juce_audio_formats.mm; path = ../../JuceLibraryCode/include_juce_audio_formats.mm; sourceTree = SOURCE_ROOT; };
		626F01FC34669E2A725C7EA7 /* PluginProcessor.h */ = {isa = PBXFileReference; lastKnownFileType = sourcecode.c.h; name = PluginProcessor.h; path = ../../Source/PluginProcessor.h; sourceTree = SOURCE_ROOT; };
		636D513771E8C583DEE63672 /* Info-VST3.plist */ = {isa = PBXFileReference; lastKnownFileType = text.plist.xml; path = "Info-VST3.plist"; sourceTree = SOURCE_ROOT; };
		716C31752306008E761681C7 /* nopainnoGain.app */ = {isa = PBXFileReference; explicitFileType = wrapper.application; includeInIndex = 0; path = nopainnoGain.app; sourceTree = BUILT_PRODUCTS_DIR; };
		73E7A4AC1107AC8E3BF5BE56 /* QuartzCore.framework */ = {isa = PBXFileReference; lastKnownFileType = wrapper.framework; name = QuartzCore.framework; path = System/Library/Frameworks/QuartzCore.framework; sourceTree = SDKROOT; };
		754AE3AA092608783C3E752C /* juce_audio_plugin_client */ = {isa = PBXFileReference; lastKnownFileType = text; name = juce_audio_plugin_client; path = "~/JUCE/modules/juce_audio_plugin_client"; sourceTree = "<absolute>"; };
		7A91CE04054A6234CF48B399 /* include_juce_gui_basics.mm */ = {isa = PBXFileReference; lastKnownFileType = sourcecode.cpp.objcpp; name = include_juce_gui_basics.mm; path = ../../JuceLibraryCode/include_juce_gui_basics.mm; sourceTree = SOURCE_ROOT; };
		7D0C10C8F062107E432AAC20 /* juce_audio_formats */ = {isa = PBXFileReference; lastKnownFileType = text; name = juce_audio_formats; path = "~/JUCE/modules/juce_audio_formats"; sourceTree = "<absolute>"; };
		7D2D330A9E81FF023017C4C3 /* juce_audio_utils */ = {isa = PBXFileReference; lastKnownFileType = text; name = juce_audio_utils; path = "~/JUCE/modules/juce_audio_utils"; sourceTree = "<absolute>"; };
		8F67A0BD2B9371BB51AD440A /* PluginEditor.cpp */ = {isa = PBXFileReference; lastKnownFileType = sourcecode.cpp.cpp; name = PluginEditor.cpp; path = ../../Source/PluginEditor.cpp; sourceTree = SOURCE_ROOT; };
		9595CBBDADD9FDBAFCCA3EE0 /* JucePluginDefines.h */ = {isa = PBXFileReference; lastKnownFileType = sourcecode.c.h; name = JucePluginDefines.h; path = ../../JuceLibraryCode/JucePluginDefines.h; sourceTree = SOURCE_ROOT; };
		97EDA8D2F8162A21EB05872A /* Info-Standalone_Plugin.plist */ = {isa = PBXFileReference; lastKnownFileType = text.plist.xml; path = "Info-Standalone_Plugin.plist"; sourceTree = SOURCE_ROOT; };
		9BE88CE5647B06A2816ED9CF /* juce_events */ = {isa = PBXFileReference; lastKnownFileType = text; name = juce_events; path = "~/JUCE/modules/juce_events"; sourceTree = "<absolute>"; };
		9C7AB355424D8301BD0DB7D1 /* include_juce_data_structures.mm */ = {isa = PBXFileReference; lastKnownFileType = sourcecode.cpp.objcpp; name = include_juce_data_structures.mm; path = ../../JuceLibraryCode/include_juce_data_structures.mm; sourceTree = SOURCE_ROOT; };
		B4081AF2F40EF6A8FD115054 /* include_juce_graphics.mm */ = {isa = PBXFileReference; lastKnownFileType = sourcecode.cpp.objcpp; name = include_juce_graphics.mm; path = ../../JuceLibraryCode/include_juce_graphics.mm; sourceTree = SOURCE_ROOT; };
		B77EF74F4AE7734229BA0A8E /* include_juce_audio_plugin_client_utils.cpp */ = {isa = PBXFileReference; lastKnownFileType = sourcecode.cpp.cpp; name = include_juce_audio_plugin_client_utils.cpp; path = ../../JuceLibraryCode/include_juce_audio_plugin_client_utils.cpp; sourceTree = SOURCE_ROOT; };
		B7F831E6A4B55D10EED23876 /* juce_gui_basics */ = {isa = PBXFileReference; lastKnownFileType = text; name = juce_gui_basics; path = "~/JUCE/modules/juce_gui_basics"; sourceTree = "<absolute>"; };
		B85059711153B72DD8219C6B /* Cocoa.framework */ = {isa = PBXFileReference; lastKnownFileType = wrapper.framework; name = Cocoa.framework; path = System/Library/Frameworks/Cocoa.framework; sourceTree = SDKROOT; };
		BA2F9E65F16E0184D2A65759 /* include_juce_audio_plugin_client_AU_2.mm */ = {isa = PBXFileReference; lastKnownFileType = sourcecode.cpp.objcpp; name = include_juce_audio_plugin_client_AU_2.mm; path = ../../JuceLibraryCode/include_juce_audio_plugin_client_AU_2.mm; sourceTree = SOURCE_ROOT; };
		C3CFA8659EB30A2752792EE9 /* AudioToolbox.framework */ = {isa = PBXFileReference; lastKnownFileType = wrapper.framework; name = AudioToolbox.framework; path = System/Library/Frameworks/AudioToolbox.framework; sourceTree = SDKROOT; };
		C4305CCEAE0040254083AD92 /* include_juce_events.mm */ = {isa = PBXFileReference; lastKnownFileType = sourcecode.cpp.objcpp; name = include_juce_events.mm; path = ../../JuceLibraryCode/include_juce_events.mm; sourceTree = SOURCE_ROOT; };
		C6212B510096107EC81C64D0 /* include_juce_audio_plugin_client_AU_1.mm */ = {isa = PBXFileReference; lastKnownFileType = sourcecode.cpp.objcpp; name = include_juce_audio_plugin_client_AU_1.mm; path = ../../JuceLibraryCode/include_juce_audio_plugin_client_AU_1.mm; sourceTree = SOURCE_ROOT; };
		CD08F23F53B71BFEE4A1BCAA /* libnopainnoGain.a */ = {isa = PBXFileReference; explicitFileType = archive.ar; includeInIndex = 0; path = libnopainnoGain.a; sourceTree = BUILT_PRODUCTS_DIR; };
		D5C385C040A14C11C8AD1EF7 /* RecentFilesMenuTemplate.nib */ = {isa = PBXFileReference; lastKnownFileType = file.nib; path = RecentFilesMenuTemplate.nib; sourceTree = SOURCE_ROOT; };
		D9D60038DDA2D5B157ECD501 /* WebKit.framework */ = {isa = PBXFileReference; lastKnownFileType = wrapper.framework; name = WebKit.framework; path = System/Library/Frameworks/WebKit.framework; sourceTree = SDKROOT; };
		DADCD98E520345E631635A6E /* juce_audio_basics */ = {isa = PBXFileReference; lastKnownFileType = text; name = juce_audio_basics; path = "~/JUCE/modules/juce_audio_basics"; sourceTree = "<absolute>"; };
		DFE0FCF523BC7C0B624CBEF0 /* juce_audio_processors */ = {isa = PBXFileReference; lastKnownFileType = text; name = juce_audio_processors; path = "~/JUCE/modules/juce_audio_processors"; sourceTree = "<absolute>"; };
		E0871E13AEABC50EC11F7742 /* include_juce_audio_plugin_client_VST_utils.mm */ = {isa = PBXFileReference; lastKnownFileType = sourcecode.cpp.objcpp; name = include_juce_audio_plugin_client_VST_utils.mm; path = ../../JuceLibraryCode/include_juce_audio_plugin_client_VST_utils.mm; sourceTree = SOURCE_ROOT; };
		E32EA66F3BABAB5FE5CA968D /* CoreAudio.framework */ = {isa = PBXFileReference; lastKnownFileType = wrapper.framework; name = CoreAudio.framework; path = System/Library/Frameworks/CoreAudio.framework; sourceTree = SDKROOT; };
		EBC03197B4CBEE07BD0E83DF /* include_juce_audio_devices.mm */ = {isa = PBXFileReference; lastKnownFileType = sourcecode.cpp.objcpp; name = include_juce_audio_devices.mm; path = ../../JuceLibraryCode/include_juce_audio_devices.mm; sourceTree = SOURCE_ROOT; };
		ECC2010BA1CE727B8CCFF5D1 /* Accelerate.framework */ = {isa = PBXFileReference; lastKnownFileType = wrapper.framework; name = Accelerate.framework; path = System/Library/Frameworks/Accelerate.framework; sourceTree = SDKROOT; };
		EE7B84A62021D2FFC1188107 /* juce_graphics */ = {isa = PBXFileReference; lastKnownFileType = text; name = juce_graphics; path = "~/JUCE/modules/juce_graphics"; sourceTree = "<absolute>"; };
		F03BCA10E927A634E3DA88E8 /* juce_gui_extra */ = {isa = PBXFileReference; lastKnownFileType = text; name = juce_gui_extra; path = "~/JUCE/modules/juce_gui_extra"; sourceTree = "<absolute>"; };
		F5025C2DB8456BE875523072 /* include_juce_audio_basics.mm */ = {isa = PBXFileReference; lastKnownFileType = sourcecode.cpp.objcpp; name = include_juce_audio_basics.mm; path = ../../JuceLibraryCode/include_juce_audio_basics.mm; sourceTree = SOURCE_ROOT; };
		FA23B315A0FC956101723C44 /* DiscRecording.framework */ = {isa = PBXFileReference; lastKnownFileType = wrapper.framework; name = DiscRecording.framework; path = System/Library/Frameworks/DiscRecording.framework; sourceTree = SDKROOT; };
		FC5596A8D2449A05C372B4BB /* juce_core */ = {isa = PBXFileReference; lastKnownFileType = text; name = juce_core; path = "~/JUCE/modules/juce_core"; sourceTree = "<absolute>"; };
		FEF6A20DEAE772301CD99063 /* juce_audio_devices */ = {isa = PBXFileReference; lastKnownFileType = text; name = juce_audio_devices; path = "~/JUCE/modules/juce_audio_devices"; sourceTree = "<absolute>"; };
/* End PBXFileReference section */

/* Begin PBXFrameworksBuildPhase section */
		317DA7DE772F62A64E1141A4 /* Frameworks */ = {
			isa = PBXFrameworksBuildPhase;
			buildActionMask = 2147483647;
			files = (
				F507B9C424C36CFD001232AB /* Accelerate.framework in Frameworks */,
				F507B9C524C36CFD001232AB /* AudioToolbox.framework in Frameworks */,
				F507B9C624C36CFD001232AB /* Carbon.framework in Frameworks */,
				F507B9C724C36CFD001232AB /* Cocoa.framework in Frameworks */,
				F507B9C824C36CFD001232AB /* CoreAudio.framework in Frameworks */,
				F507B9C924C36CFD001232AB /* CoreAudioKit.framework in Frameworks */,
				F507B9CA24C36CFD001232AB /* CoreMIDI.framework in Frameworks */,
				F507B9CB24C36CFD001232AB /* DiscRecording.framework in Frameworks */,
				F507B9CC24C36CFD001232AB /* IOKit.framework in Frameworks */,
				F507B9CD24C36CFD001232AB /* QuartzCore.framework in Frameworks */,
				F507B9CE24C36CFD001232AB /* WebKit.framework in Frameworks */,
			);
			runOnlyForDeploymentPostprocessing = 0;
		};
		9C178BD6ED74C9FFAFD175AD /* Frameworks */ = {
			isa = PBXFrameworksBuildPhase;
			buildActionMask = 2147483647;
			files = (
				A391E16AA2B33F94D4B1F4F4 /* Accelerate.framework in Frameworks */,
				56F86BD75B3FB781D0FFA0C0 /* AudioToolbox.framework in Frameworks */,
				9510FC4B1C5D3229E2040B6B /* Carbon.framework in Frameworks */,
				3535AFE85BA0D7AB35C579FE /* Cocoa.framework in Frameworks */,
				3421D38C576093BAF20F8616 /* CoreAudio.framework in Frameworks */,
				86050B1C5666B7B79CD0EDCD /* CoreAudioKit.framework in Frameworks */,
				1FB9D466832A1893F71073EA /* CoreMIDI.framework in Frameworks */,
				C5C1D96E1C0964F7F5F8555D /* DiscRecording.framework in Frameworks */,
				197D5B5CBA27643BB61B1621 /* IOKit.framework in Frameworks */,
				9C49343DB136F32BE81088FD /* QuartzCore.framework in Frameworks */,
				1F03F56149E1A9E0E34543A7 /* WebKit.framework in Frameworks */,
			);
			runOnlyForDeploymentPostprocessing = 0;
		};
		9C9F44A4AC58F0B3E79EA21C /* Frameworks */ = {
			isa = PBXFrameworksBuildPhase;
			buildActionMask = 2147483647;
			files = (
				A314DFA17082C63904B99C65 /* AudioUnit.framework in Frameworks */,
				F507B9B824C36CFD001232AB /* Accelerate.framework in Frameworks */,
				F507B9B924C36CFD001232AB /* AudioToolbox.framework in Frameworks */,
				F507B9BA24C36CFD001232AB /* Carbon.framework in Frameworks */,
				F507B9BB24C36CFD001232AB /* Cocoa.framework in Frameworks */,
				F507B9BC24C36CFD001232AB /* CoreAudio.framework in Frameworks */,
				F507B9BD24C36CFD001232AB /* CoreAudioKit.framework in Frameworks */,
				F507B9BE24C36CFD001232AB /* CoreMIDI.framework in Frameworks */,
				F507B9BF24C36CFD001232AB /* DiscRecording.framework in Frameworks */,
				F507B9C024C36CFD001232AB /* IOKit.framework in Frameworks */,
				F507B9C124C36CFD001232AB /* QuartzCore.framework in Frameworks */,
				F507B9C224C36CFD001232AB /* WebKit.framework in Frameworks */,
			);
			runOnlyForDeploymentPostprocessing = 0;
		};
/* End PBXFrameworksBuildPhase section */

/* Begin PBXGroup section */
		029C1F3A996446DC27E50A00 /* JUCE Modules */ = {
			isa = PBXGroup;
			children = (
				DADCD98E520345E631635A6E /* juce_audio_basics */,
				FEF6A20DEAE772301CD99063 /* juce_audio_devices */,
				7D0C10C8F062107E432AAC20 /* juce_audio_formats */,
				754AE3AA092608783C3E752C /* juce_audio_plugin_client */,
				DFE0FCF523BC7C0B624CBEF0 /* juce_audio_processors */,
				7D2D330A9E81FF023017C4C3 /* juce_audio_utils */,
				FC5596A8D2449A05C372B4BB /* juce_core */,
				537D83C76CAF6CD08C3EE241 /* juce_data_structures */,
				9BE88CE5647B06A2816ED9CF /* juce_events */,
				EE7B84A62021D2FFC1188107 /* juce_graphics */,
				B7F831E6A4B55D10EED23876 /* juce_gui_basics */,
				F03BCA10E927A634E3DA88E8 /* juce_gui_extra */,
			);
			name = "JUCE Modules";
			sourceTree = "<group>";
		};
		37F94B1D5A58C42B04289E05 /* nopainnoGain */ = {
			isa = PBXGroup;
			children = (
				737C7FFF2409BEE4D0383690 /* Source */,
			);
			name = nopainnoGain;
			sourceTree = "<group>";
		};
		5C426D48B0245905DA844321 /* Frameworks */ = {
			isa = PBXGroup;
			children = (
				4983F644CE6D528D990A7D6D /* AudioUnit.framework */,
				ECC2010BA1CE727B8CCFF5D1 /* Accelerate.framework */,
				C3CFA8659EB30A2752792EE9 /* AudioToolbox.framework */,
				004E8D13619C16AE81A0CB7F /* Carbon.framework */,
				B85059711153B72DD8219C6B /* Cocoa.framework */,
				E32EA66F3BABAB5FE5CA968D /* CoreAudio.framework */,
				17AE6A92CD825AB97AB9B3E5 /* CoreAudioKit.framework */,
				1155033864E457A17919C94D /* CoreMIDI.framework */,
				FA23B315A0FC956101723C44 /* DiscRecording.framework */,
				57CD38A33E3C9A3A0569F1B9 /* IOKit.framework */,
				73E7A4AC1107AC8E3BF5BE56 /* QuartzCore.framework */,
				D9D60038DDA2D5B157ECD501 /* WebKit.framework */,
			);
			name = Frameworks;
			sourceTree = "<group>";
		};
		737C7FFF2409BEE4D0383690 /* Source */ = {
			isa = PBXGroup;
			children = (
				261A1BF1204D7609CDE5FA80 /* PluginProcessor.cpp */,
				626F01FC34669E2A725C7EA7 /* PluginProcessor.h */,
				8F67A0BD2B9371BB51AD440A /* PluginEditor.cpp */,
				30BA97F780796D22452D5643 /* PluginEditor.h */,
			);
			name = Source;
			sourceTree = "<group>";
		};
		76F0DD994F8DD3D43AB1521D /* JUCE Library Code */ = {
			isa = PBXGroup;
			children = (
				F5025C2DB8456BE875523072 /* include_juce_audio_basics.mm */,
				EBC03197B4CBEE07BD0E83DF /* include_juce_audio_devices.mm */,
				60D6EB2EBF446B7D7BAD0DB5 /* include_juce_audio_formats.mm */,
				46AA0FB3D78AE16A4FD8306C /* include_juce_audio_plugin_client_AU.r */,
				C6212B510096107EC81C64D0 /* include_juce_audio_plugin_client_AU_1.mm */,
				BA2F9E65F16E0184D2A65759 /* include_juce_audio_plugin_client_AU_2.mm */,
				2FEF55CB053159884D9815A4 /* include_juce_audio_plugin_client_Standalone.cpp */,
				B77EF74F4AE7734229BA0A8E /* include_juce_audio_plugin_client_utils.cpp */,
				E0871E13AEABC50EC11F7742 /* include_juce_audio_plugin_client_VST_utils.mm */,
				304BDCB6A6F26AD240D9B97D /* include_juce_audio_plugin_client_VST3.cpp */,
				26D6DE446008145D2CE2007F /* include_juce_audio_processors.mm */,
				2CB484FF55A1296246A3D8A7 /* include_juce_audio_utils.mm */,
				4C99522C58C8F0F5584481ED /* include_juce_core.mm */,
				9C7AB355424D8301BD0DB7D1 /* include_juce_data_structures.mm */,
				C4305CCEAE0040254083AD92 /* include_juce_events.mm */,
				B4081AF2F40EF6A8FD115054 /* include_juce_graphics.mm */,
				7A91CE04054A6234CF48B399 /* include_juce_gui_basics.mm */,
				467D23209A8BC64CBB5D0CDE /* include_juce_gui_extra.mm */,
				003473BD004FDE38876410B7 /* JuceHeader.h */,
				9595CBBDADD9FDBAFCCA3EE0 /* JucePluginDefines.h */,
			);
			name = "JUCE Library Code";
			sourceTree = "<group>";
		};
		87CF41DFA4CB9EFBC46CE680 /* Source */ = {
			isa = PBXGroup;
			children = (
				37F94B1D5A58C42B04289E05 /* nopainnoGain */,
				029C1F3A996446DC27E50A00 /* JUCE Modules */,
				76F0DD994F8DD3D43AB1521D /* JUCE Library Code */,
				E80CD67767B6436EFABEC033 /* Resources */,
				5C426D48B0245905DA844321 /* Frameworks */,
				C9EBF1889EC3507CE7F2E7FD /* Products */,
			);
			name = Source;
			sourceTree = "<group>";
		};
		C9EBF1889EC3507CE7F2E7FD /* Products */ = {
			isa = PBXGroup;
			children = (
				2F0457B1024CEDC887E4AF39 /* nopainnoGain.vst3 */,
				0F0BD58574881FBAF5013B1E /* nopainnoGain.component */,
				716C31752306008E761681C7 /* nopainnoGain.app */,
				CD08F23F53B71BFEE4A1BCAA /* libnopainnoGain.a */,
			);
			name = Products;
			sourceTree = "<group>";
		};
		E80CD67767B6436EFABEC033 /* Resources */ = {
			isa = PBXGroup;
			children = (
				636D513771E8C583DEE63672 /* Info-VST3.plist */,
				54AC678E8F8DDA3C97CB0A88 /* Info-AU.plist */,
				97EDA8D2F8162A21EB05872A /* Info-Standalone_Plugin.plist */,
				D5C385C040A14C11C8AD1EF7 /* RecentFilesMenuTemplate.nib */,
			);
			name = Resources;
			sourceTree = "<group>";
		};
/* End PBXGroup section */

/* Begin PBXNativeTarget section */
		07A22C8878A0943704BEFCEB /* nopainnoGain - AU */ = {
			isa = PBXNativeTarget;
			buildConfigurationList = 3817A77945F7BAE2327083D1 /* Build configuration list for PBXNativeTarget "nopainnoGain - AU" */;
			buildPhases = (
				75CF47700705FFE25DCFD17B /* Resources */,
				AC82D06E5C4032214AA640AF /* Rez */,
				DA961A61B3CFEA809478DD26 /* Sources */,
				9C9F44A4AC58F0B3E79EA21C /* Frameworks */,
			);
			buildRules = (
			);
			dependencies = (
				B808FF7839EF5FC7E52A0019 /* PBXTargetDependency */,
			);
			name = "nopainnoGain - AU";
			productName = nopainnoGain;
			productReference = 0F0BD58574881FBAF5013B1E /* nopainnoGain.component */;
			productType = "com.apple.product-type.bundle";
		};
		7EA0AD50B12F8544B9CFEB56 /* nopainnoGain - Shared Code */ = {
			isa = PBXNativeTarget;
			buildConfigurationList = AB5095E1F76B3DBFE919071D /* Build configuration list for PBXNativeTarget "nopainnoGain - Shared Code" */;
			buildPhases = (
				132EEEF3148AA1A43C0DDBC5 /* Sources */,
			);
			buildRules = (
			);
			dependencies = (
			);
			name = "nopainnoGain - Shared Code";
			productName = nopainnoGain;
			productReference = CD08F23F53B71BFEE4A1BCAA /* libnopainnoGain.a */;
			productType = "com.apple.product-type.library.static";
		};
		BDCC928B3DEDD526E4C84EDE /* nopainnoGain - Standalone Plugin */ = {
			isa = PBXNativeTarget;
			buildConfigurationList = 8966673E46AD862FF7300BE0 /* Build configuration list for PBXNativeTarget "nopainnoGain - Standalone Plugin" */;
			buildPhases = (
				216E84DDE55B93CFB6059876 /* Resources */,
				0E771EB59BF98D1BDAA4C632 /* Sources */,
				317DA7DE772F62A64E1141A4 /* Frameworks */,
			);
			buildRules = (
			);
			dependencies = (
				5913643CF367746623F11DCA /* PBXTargetDependency */,
			);
			name = "nopainnoGain - Standalone Plugin";
			productName = nopainnoGain;
			productReference = 716C31752306008E761681C7 /* nopainnoGain.app */;
			productType = "com.apple.product-type.application";
		};
		D517ADADA6D1787EF14D81FD /* nopainnoGain - VST3 */ = {
			isa = PBXNativeTarget;
			buildConfigurationList = CC5FC6266AF80A0D03A967F1 /* Build configuration list for PBXNativeTarget "nopainnoGain - VST3" */;
			buildPhases = (
				C726F7E33D5C7953DC0B38CC /* Resources */,
				F3D7A0846A96F25D4E895229 /* Sources */,
				9C178BD6ED74C9FFAFD175AD /* Frameworks */,
			);
			buildRules = (
			);
			dependencies = (
				0514D8176CF0D554EC13F926 /* PBXTargetDependency */,
			);
			name = "nopainnoGain - VST3";
			productName = nopainnoGain;
			productReference = 2F0457B1024CEDC887E4AF39 /* nopainnoGain.vst3 */;
			productType = "com.apple.product-type.bundle";
		};
/* End PBXNativeTarget section */

/* Begin PBXProject section */
		F20824F361C01472079C88D4 /* Project object */ = {
			isa = PBXProject;
			attributes = {
				LastUpgradeCheck = 1160;
				ORGANIZATIONNAME = "";
				TargetAttributes = {
					07A22C8878A0943704BEFCEB = {
						SystemCapabilities = {
							com.apple.ApplicationGroups.iOS = {
								enabled = 0;
							};
							com.apple.HardenedRuntime = {
								enabled = 0;
							};
							com.apple.InAppPurchase = {
								enabled = 0;
							};
							com.apple.InterAppAudio = {
								enabled = 0;
							};
							com.apple.Push = {
								enabled = 0;
							};
							com.apple.Sandbox = {
								enabled = 0;
							};
						};
					};
					7EA0AD50B12F8544B9CFEB56 = {
						SystemCapabilities = {
							com.apple.ApplicationGroups.iOS = {
								enabled = 0;
							};
							com.apple.HardenedRuntime = {
								enabled = 0;
							};
							com.apple.InAppPurchase = {
								enabled = 0;
							};
							com.apple.InterAppAudio = {
								enabled = 0;
							};
							com.apple.Push = {
								enabled = 0;
							};
							com.apple.Sandbox = {
								enabled = 0;
							};
						};
					};
					A3A4602D4B6719820546BA7D = {
						SystemCapabilities = {
							com.apple.ApplicationGroups.iOS = {
								enabled = 0;
							};
							com.apple.HardenedRuntime = {
								enabled = 0;
							};
							com.apple.InAppPurchase = {
								enabled = 0;
							};
							com.apple.InterAppAudio = {
								enabled = 0;
							};
							com.apple.Push = {
								enabled = 0;
							};
							com.apple.Sandbox = {
								enabled = 0;
							};
						};
					};
					BDCC928B3DEDD526E4C84EDE = {
						SystemCapabilities = {
							com.apple.ApplicationGroups.iOS = {
								enabled = 0;
							};
							com.apple.HardenedRuntime = {
								enabled = 0;
							};
							com.apple.InAppPurchase = {
								enabled = 0;
							};
							com.apple.InterAppAudio = {
								enabled = 0;
							};
							com.apple.Push = {
								enabled = 0;
							};
							com.apple.Sandbox = {
								enabled = 0;
							};
						};
					};
					D517ADADA6D1787EF14D81FD = {
						SystemCapabilities = {
							com.apple.ApplicationGroups.iOS = {
								enabled = 0;
							};
							com.apple.HardenedRuntime = {
								enabled = 0;
							};
							com.apple.InAppPurchase = {
								enabled = 0;
							};
							com.apple.InterAppAudio = {
								enabled = 0;
							};
							com.apple.Push = {
								enabled = 0;
							};
							com.apple.Sandbox = {
								enabled = 0;
							};
						};
					};
				};
			};
			buildConfigurationList = 220CFB3D0064F672661F1347 /* Build configuration list for PBXProject "nopainnoGain" */;
			compatibilityVersion = "Xcode 3.2";
			developmentRegion = en;
			hasScannedForEncodings = 0;
			knownRegions = (
				en,
				Base,
			);
			mainGroup = 87CF41DFA4CB9EFBC46CE680 /* Source */;
			projectDirPath = "";
			projectRoot = "";
			targets = (
				A3A4602D4B6719820546BA7D /* nopainnoGain - All */,
				D517ADADA6D1787EF14D81FD /* nopainnoGain - VST3 */,
				07A22C8878A0943704BEFCEB /* nopainnoGain - AU */,
				BDCC928B3DEDD526E4C84EDE /* nopainnoGain - Standalone Plugin */,
				7EA0AD50B12F8544B9CFEB56 /* nopainnoGain - Shared Code */,
			);
		};
/* End PBXProject section */

/* Begin PBXResourcesBuildPhase section */
		216E84DDE55B93CFB6059876 /* Resources */ = {
			isa = PBXResourcesBuildPhase;
			buildActionMask = 2147483647;
			files = (
				F507B9C324C36CFD001232AB /* RecentFilesMenuTemplate.nib in Resources */,
			);
			runOnlyForDeploymentPostprocessing = 0;
		};
		75CF47700705FFE25DCFD17B /* Resources */ = {
			isa = PBXResourcesBuildPhase;
			buildActionMask = 2147483647;
			files = (
				F507B9B724C36CFD001232AB /* RecentFilesMenuTemplate.nib in Resources */,
			);
			runOnlyForDeploymentPostprocessing = 0;
		};
		C726F7E33D5C7953DC0B38CC /* Resources */ = {
			isa = PBXResourcesBuildPhase;
			buildActionMask = 2147483647;
			files = (
				A82E3C2421B64D82F7C34541 /* RecentFilesMenuTemplate.nib in Resources */,
			);
			runOnlyForDeploymentPostprocessing = 0;
		};
/* End PBXResourcesBuildPhase section */

/* Begin PBXRezBuildPhase section */
		AC82D06E5C4032214AA640AF /* Rez */ = {
			isa = PBXRezBuildPhase;
			buildActionMask = 2147483647;
			files = (
				248A7EE9F59F8D1E79CC7A65 /* include_juce_audio_plugin_client_AU.r in Rez */,
			);
			runOnlyForDeploymentPostprocessing = 0;
		};
/* End PBXRezBuildPhase section */

/* Begin PBXSourcesBuildPhase section */
		0E771EB59BF98D1BDAA4C632 /* Sources */ = {
			isa = PBXSourcesBuildPhase;
			buildActionMask = 2147483647;
			files = (
				F27E50AE60848B63CBD968B0 /* include_juce_audio_plugin_client_Standalone.cpp in Sources */,
			);
			runOnlyForDeploymentPostprocessing = 0;
		};
		132EEEF3148AA1A43C0DDBC5 /* Sources */ = {
			isa = PBXSourcesBuildPhase;
			buildActionMask = 2147483647;
			files = (
				DFB3BDCB9121C39040729934 /* PluginProcessor.cpp in Sources */,
				D5E7D8C182473AC8B4748E19 /* PluginEditor.cpp in Sources */,
				EBFB861CEBBFA7679C02DF18 /* include_juce_audio_basics.mm in Sources */,
				16161BCBB2088C98CA6BA2D1 /* include_juce_audio_devices.mm in Sources */,
				8EE84A32DFC0174243067530 /* include_juce_audio_formats.mm in Sources */,
				32DAAB2389BD49A2C1C42E7A /* include_juce_audio_plugin_client_utils.cpp in Sources */,
				C5296F83DB1A7DE531F47611 /* include_juce_audio_plugin_client_VST_utils.mm in Sources */,
				4FDE8C02942C33D6C6F78E91 /* include_juce_audio_processors.mm in Sources */,
				12DC90C1E05835E3078A7BAF /* include_juce_audio_utils.mm in Sources */,
				88AA9CCDF1D91FD6BFF5D72B /* include_juce_core.mm in Sources */,
				1A63915FC55972C78F64F054 /* include_juce_data_structures.mm in Sources */,
				571BE23AA70F77AB6A75970C /* include_juce_events.mm in Sources */,
				E1379F75F0BA9F04ACAB451F /* include_juce_graphics.mm in Sources */,
				FC7F4D4A5CF7C515C1283498 /* include_juce_gui_basics.mm in Sources */,
				484965A48A7EAAFEBC6050E7 /* include_juce_gui_extra.mm in Sources */,
			);
			runOnlyForDeploymentPostprocessing = 0;
		};
		DA961A61B3CFEA809478DD26 /* Sources */ = {
			isa = PBXSourcesBuildPhase;
			buildActionMask = 2147483647;
			files = (
				D27F84EE4CE70B434A7723B3 /* include_juce_audio_plugin_client_AU_1.mm in Sources */,
				036832EDFAABC6B9FB278CBB /* include_juce_audio_plugin_client_AU_2.mm in Sources */,
			);
			runOnlyForDeploymentPostprocessing = 0;
		};
		F3D7A0846A96F25D4E895229 /* Sources */ = {
			isa = PBXSourcesBuildPhase;
			buildActionMask = 2147483647;
			files = (
				7AE2FBFB8307C73B0F125BA5 /* include_juce_audio_plugin_client_VST3.cpp in Sources */,
			);
			runOnlyForDeploymentPostprocessing = 0;
		};
/* End PBXSourcesBuildPhase section */

/* Begin PBXTargetDependency section */
		0514D8176CF0D554EC13F926 /* PBXTargetDependency */ = {
			isa = PBXTargetDependency;
			target = 7EA0AD50B12F8544B9CFEB56 /* nopainnoGain - Shared Code */;
			targetProxy = F507B9D024C36CFE001232AB /* PBXContainerItemProxy */;
		};
		28FCD027913A895DC425AF50 /* PBXTargetDependency */ = {
			isa = PBXTargetDependency;
			target = BDCC928B3DEDD526E4C84EDE /* nopainnoGain - Standalone Plugin */;
			targetProxy = F507B9D424C36CFE001232AB /* PBXContainerItemProxy */;
		};
		37B3FFD579DF8F2E5D0984C3 /* PBXTargetDependency */ = {
			isa = PBXTargetDependency;
			target = D517ADADA6D1787EF14D81FD /* nopainnoGain - VST3 */;
			targetProxy = F507B9D224C36CFE001232AB /* PBXContainerItemProxy */;
		};
		5913643CF367746623F11DCA /* PBXTargetDependency */ = {
			isa = PBXTargetDependency;
			target = 7EA0AD50B12F8544B9CFEB56 /* nopainnoGain - Shared Code */;
			targetProxy = F507B9D124C36CFE001232AB /* PBXContainerItemProxy */;
		};
		B35FC258828C136D75CC4125 /* PBXTargetDependency */ = {
			isa = PBXTargetDependency;
			target = 7EA0AD50B12F8544B9CFEB56 /* nopainnoGain - Shared Code */;
			targetProxy = F507B9D524C36CFE001232AB /* PBXContainerItemProxy */;
		};
		B808FF7839EF5FC7E52A0019 /* PBXTargetDependency */ = {
			isa = PBXTargetDependency;
			target = 7EA0AD50B12F8544B9CFEB56 /* nopainnoGain - Shared Code */;
			targetProxy = F507B9CF24C36CFE001232AB /* PBXContainerItemProxy */;
		};
		F2DA7F38AEDCC0DC92623DF4 /* PBXTargetDependency */ = {
			isa = PBXTargetDependency;
			target = 07A22C8878A0943704BEFCEB /* nopainnoGain - AU */;
			targetProxy = F507B9D324C36CFE001232AB /* PBXContainerItemProxy */;
		};
/* End PBXTargetDependency section */

/* Begin XCBuildConfiguration section */
		45147C49264B63A0E28242B1 /* Release */ = {
			isa = XCBuildConfiguration;
			buildSettings = {
				CLANG_CXX_LANGUAGE_STANDARD = "c++14";
				CLANG_CXX_LIBRARY = "libc++";
				CLANG_LINK_OBJC_RUNTIME = NO;
				CODE_SIGN_IDENTITY = "";
				COMBINE_HIDPI_IMAGES = YES;
				CONFIGURATION_BUILD_DIR = "$(PROJECT_DIR)/build/$(CONFIGURATION)";
				DEAD_CODE_STRIPPING = YES;
				GCC_GENERATE_DEBUGGING_SYMBOLS = NO;
				GCC_OPTIMIZATION_LEVEL = 3;
				GCC_PREPROCESSOR_DEFINITIONS = (
					"_NDEBUG=1",
					"NDEBUG=1",
					"JUCER_XCODE_MAC_F6D2F4CF=1",
					"JUCE_APP_VERSION=1.0.0",
					"JUCE_APP_VERSION_HEX=0x10000",
					"JucePlugin_Build_VST=0",
					"JucePlugin_Build_VST3=1",
					"JucePlugin_Build_AU=1",
					"JucePlugin_Build_AUv3=0",
					"JucePlugin_Build_RTAS=0",
					"JucePlugin_Build_AAX=0",
					"JucePlugin_Build_Standalone=1",
					"JucePlugin_Build_Unity=0",
					"JUCE_SHARED_CODE=1",
					"JUCE_DISPLAY_SPLASH_SCREEN=1",
					"JUCE_USE_DARK_SPLASH_SCREEN=1",
					"JUCE_PROJUCER_VERSION=0x60001",
					"JUCE_MODULE_AVAILABLE_juce_audio_basics=1",
					"JUCE_MODULE_AVAILABLE_juce_audio_devices=1",
					"JUCE_MODULE_AVAILABLE_juce_audio_formats=1",
					"JUCE_MODULE_AVAILABLE_juce_audio_plugin_client=1",
					"JUCE_MODULE_AVAILABLE_juce_audio_processors=1",
					"JUCE_MODULE_AVAILABLE_juce_audio_utils=1",
					"JUCE_MODULE_AVAILABLE_juce_core=1",
					"JUCE_MODULE_AVAILABLE_juce_data_structures=1",
					"JUCE_MODULE_AVAILABLE_juce_events=1",
					"JUCE_MODULE_AVAILABLE_juce_graphics=1",
					"JUCE_MODULE_AVAILABLE_juce_gui_basics=1",
					"JUCE_MODULE_AVAILABLE_juce_gui_extra=1",
					"JUCE_GLOBAL_MODULE_SETTINGS_INCLUDED=1",
					"JUCE_VST3_CAN_REPLACE_VST2=0",
					"JUCE_STRICT_REFCOUNTEDPOINTER=1",
					"JucePlugin_Enable_IAA=0",
					"JucePlugin_Name=\\\"nopainnoGain\\\"",
					"JucePlugin_Desc=\\\"nopainnoGain\\\"",
					"JucePlugin_Manufacturer=\\\"yourcompany\\\"",
					"JucePlugin_ManufacturerWebsite=\\\"\\\"",
					"JucePlugin_ManufacturerEmail=\\\"\\\"",
					"JucePlugin_ManufacturerCode=0x4d616e75",
					"JucePlugin_PluginCode=0x44367361",
					"JucePlugin_IsSynth=0",
					"JucePlugin_WantsMidiInput=0",
					"JucePlugin_ProducesMidiOutput=0",
					"JucePlugin_IsMidiEffect=0",
					"JucePlugin_EditorRequiresKeyboardFocus=0",
					"JucePlugin_Version=1.0.0",
					"JucePlugin_VersionCode=0x10000",
					"JucePlugin_VersionString=\\\"1.0.0\\\"",
					"JucePlugin_VSTUniqueID=JucePlugin_PluginCode",
					"JucePlugin_VSTCategory=kPlugCategEffect",
					"JucePlugin_Vst3Category=\\\"Fx\\\"",
					"JucePlugin_AUMainType='aufx'",
					"JucePlugin_AUSubType=JucePlugin_PluginCode",
					"JucePlugin_AUExportPrefix=nopainnoGainAU",
					"JucePlugin_AUExportPrefixQuoted=\\\"nopainnoGainAU\\\"",
					"JucePlugin_AUManufacturerCode=JucePlugin_ManufacturerCode",
					"JucePlugin_CFBundleIdentifier=com.yourcompany.nopainnoGain",
					"JucePlugin_RTASCategory=0",
					"JucePlugin_RTASManufacturerCode=JucePlugin_ManufacturerCode",
					"JucePlugin_RTASProductId=JucePlugin_PluginCode",
					"JucePlugin_RTASDisableBypass=0",
					"JucePlugin_RTASDisableMultiMono=0",
					"JucePlugin_AAXIdentifier=com.yourcompany.nopainnoGain",
					"JucePlugin_AAXManufacturerCode=JucePlugin_ManufacturerCode",
					"JucePlugin_AAXProductId=JucePlugin_PluginCode",
					"JucePlugin_AAXCategory=0",
					"JucePlugin_AAXDisableBypass=0",
					"JucePlugin_AAXDisableMultiMono=0",
					"JucePlugin_IAAType=0x61757278",
					"JucePlugin_IAASubType=JucePlugin_PluginCode",
					"JucePlugin_IAAName=\\\"yourcompany:\\ nopainnoGain\\\"",
					"JucePlugin_VSTNumMidiInputs=16",
					"JucePlugin_VSTNumMidiOutputs=16",
					"JUCE_STANDALONE_APPLICATION=JucePlugin_Build_Standalone",
				);
				GCC_VERSION = com.apple.compilers.llvm.clang.1_0;
				HEADER_SEARCH_PATHS = (
					"$(HOME)/JUCE/modules/juce_audio_processors/format_types/VST3_SDK",
					../../JuceLibraryCode,
					"$(HOME)/JUCE/modules",
					"$(HOME)/JUCE/modules/juce_audio_plugin_client",
					"$(inherited)",
				);
				INSTALL_PATH = "@executable_path/../Frameworks";
				LLVM_LTO = YES;
				MACOSX_DEPLOYMENT_TARGET = 10.11;
				PRODUCT_BUNDLE_IDENTIFIER = com.yourcompany.nopainnoGain;
				PRODUCT_NAME = nopainnoGain;
				SKIP_INSTALL = YES;
				USE_HEADERMAP = NO;
			};
			name = Release;
		};
		50811238C421270D22104657 /* Debug */ = {
			isa = XCBuildConfiguration;
			buildSettings = {
				CLANG_CXX_LANGUAGE_STANDARD = "c++14";
				CLANG_CXX_LIBRARY = "libc++";
				CLANG_LINK_OBJC_RUNTIME = NO;
				CODE_SIGN_IDENTITY = "-";
				COMBINE_HIDPI_IMAGES = YES;
				CONFIGURATION_BUILD_DIR = "$(PROJECT_DIR)/build/$(CONFIGURATION)";
				COPY_PHASE_STRIP = NO;
				GCC_DYNAMIC_NO_PIC = NO;
				GCC_OPTIMIZATION_LEVEL = 0;
				GCC_PREPROCESSOR_DEFINITIONS = (
					"_DEBUG=1",
					"DEBUG=1",
					"JUCER_XCODE_MAC_F6D2F4CF=1",
					"JUCE_APP_VERSION=1.0.0",
					"JUCE_APP_VERSION_HEX=0x10000",
					"JucePlugin_Build_VST=0",
					"JucePlugin_Build_VST3=1",
					"JucePlugin_Build_AU=1",
					"JucePlugin_Build_AUv3=0",
					"JucePlugin_Build_RTAS=0",
					"JucePlugin_Build_AAX=0",
					"JucePlugin_Build_Standalone=1",
					"JucePlugin_Build_Unity=0",
					"JUCE_DISPLAY_SPLASH_SCREEN=1",
					"JUCE_USE_DARK_SPLASH_SCREEN=1",
					"JUCE_PROJUCER_VERSION=0x60001",
					"JUCE_MODULE_AVAILABLE_juce_audio_basics=1",
					"JUCE_MODULE_AVAILABLE_juce_audio_devices=1",
					"JUCE_MODULE_AVAILABLE_juce_audio_formats=1",
					"JUCE_MODULE_AVAILABLE_juce_audio_plugin_client=1",
					"JUCE_MODULE_AVAILABLE_juce_audio_processors=1",
					"JUCE_MODULE_AVAILABLE_juce_audio_utils=1",
					"JUCE_MODULE_AVAILABLE_juce_core=1",
					"JUCE_MODULE_AVAILABLE_juce_data_structures=1",
					"JUCE_MODULE_AVAILABLE_juce_events=1",
					"JUCE_MODULE_AVAILABLE_juce_graphics=1",
					"JUCE_MODULE_AVAILABLE_juce_gui_basics=1",
					"JUCE_MODULE_AVAILABLE_juce_gui_extra=1",
					"JUCE_GLOBAL_MODULE_SETTINGS_INCLUDED=1",
					"JUCE_VST3_CAN_REPLACE_VST2=0",
					"JUCE_STRICT_REFCOUNTEDPOINTER=1",
					"JucePlugin_Enable_IAA=0",
					"JucePlugin_Name=\\\"nopainnoGain\\\"",
					"JucePlugin_Desc=\\\"nopainnoGain\\\"",
					"JucePlugin_Manufacturer=\\\"yourcompany\\\"",
					"JucePlugin_ManufacturerWebsite=\\\"\\\"",
					"JucePlugin_ManufacturerEmail=\\\"\\\"",
					"JucePlugin_ManufacturerCode=0x4d616e75",
					"JucePlugin_PluginCode=0x44367361",
					"JucePlugin_IsSynth=0",
					"JucePlugin_WantsMidiInput=0",
					"JucePlugin_ProducesMidiOutput=0",
					"JucePlugin_IsMidiEffect=0",
					"JucePlugin_EditorRequiresKeyboardFocus=0",
					"JucePlugin_Version=1.0.0",
					"JucePlugin_VersionCode=0x10000",
					"JucePlugin_VersionString=\\\"1.0.0\\\"",
					"JucePlugin_VSTUniqueID=JucePlugin_PluginCode",
					"JucePlugin_VSTCategory=kPlugCategEffect",
					"JucePlugin_Vst3Category=\\\"Fx\\\"",
					"JucePlugin_AUMainType='aufx'",
					"JucePlugin_AUSubType=JucePlugin_PluginCode",
					"JucePlugin_AUExportPrefix=nopainnoGainAU",
					"JucePlugin_AUExportPrefixQuoted=\\\"nopainnoGainAU\\\"",
					"JucePlugin_AUManufacturerCode=JucePlugin_ManufacturerCode",
					"JucePlugin_CFBundleIdentifier=com.yourcompany.nopainnoGain",
					"JucePlugin_RTASCategory=0",
					"JucePlugin_RTASManufacturerCode=JucePlugin_ManufacturerCode",
					"JucePlugin_RTASProductId=JucePlugin_PluginCode",
					"JucePlugin_RTASDisableBypass=0",
					"JucePlugin_RTASDisableMultiMono=0",
					"JucePlugin_AAXIdentifier=com.yourcompany.nopainnoGain",
					"JucePlugin_AAXManufacturerCode=JucePlugin_ManufacturerCode",
					"JucePlugin_AAXProductId=JucePlugin_PluginCode",
					"JucePlugin_AAXCategory=0",
					"JucePlugin_AAXDisableBypass=0",
					"JucePlugin_AAXDisableMultiMono=0",
					"JucePlugin_IAAType=0x61757278",
					"JucePlugin_IAASubType=JucePlugin_PluginCode",
					"JucePlugin_IAAName=\\\"yourcompany:\\ nopainnoGain\\\"",
					"JucePlugin_VSTNumMidiInputs=16",
					"JucePlugin_VSTNumMidiOutputs=16",
					"JUCE_STANDALONE_APPLICATION=JucePlugin_Build_Standalone",
				);
				GCC_VERSION = com.apple.compilers.llvm.clang.1_0;
				HEADER_SEARCH_PATHS = (
					"$(HOME)/JUCE/modules/juce_audio_processors/format_types/VST3_SDK",
					../../JuceLibraryCode,
					"$(HOME)/JUCE/modules",
					"$(HOME)/JUCE/modules/juce_audio_plugin_client",
					"$(inherited)",
				);
				INFOPLIST_FILE = "Info-Standalone_Plugin.plist";
				INFOPLIST_PREPROCESS = NO;
				MACOSX_DEPLOYMENT_TARGET = 10.11;
				OTHER_LDFLAGS = "-lnopainnoGain";
				PRODUCT_BUNDLE_IDENTIFIER = com.yourcompany.nopainnoGain;
				PRODUCT_NAME = nopainnoGain;
				USE_HEADERMAP = NO;
			};
			name = Debug;
		};
		5BA9F190E4D3DBF9C471E15A /* Release */ = {
			isa = XCBuildConfiguration;
			buildSettings = {
				CLANG_CXX_LANGUAGE_STANDARD = "c++14";
				CLANG_CXX_LIBRARY = "libc++";
				CLANG_LINK_OBJC_RUNTIME = NO;
				CODE_SIGN_IDENTITY = "-";
				COMBINE_HIDPI_IMAGES = YES;
				CONFIGURATION_BUILD_DIR = "$(PROJECT_DIR)/build/$(CONFIGURATION)";
				DEAD_CODE_STRIPPING = YES;
				GCC_GENERATE_DEBUGGING_SYMBOLS = NO;
				GCC_OPTIMIZATION_LEVEL = 3;
				GCC_PREPROCESSOR_DEFINITIONS = (
					"_NDEBUG=1",
					"NDEBUG=1",
					"JUCER_XCODE_MAC_F6D2F4CF=1",
					"JUCE_APP_VERSION=1.0.0",
					"JUCE_APP_VERSION_HEX=0x10000",
					"JucePlugin_Build_VST=0",
					"JucePlugin_Build_VST3=1",
					"JucePlugin_Build_AU=1",
					"JucePlugin_Build_AUv3=0",
					"JucePlugin_Build_RTAS=0",
					"JucePlugin_Build_AAX=0",
					"JucePlugin_Build_Standalone=1",
					"JucePlugin_Build_Unity=0",
					"JUCE_DISPLAY_SPLASH_SCREEN=1",
					"JUCE_USE_DARK_SPLASH_SCREEN=1",
					"JUCE_PROJUCER_VERSION=0x60001",
					"JUCE_MODULE_AVAILABLE_juce_audio_basics=1",
					"JUCE_MODULE_AVAILABLE_juce_audio_devices=1",
					"JUCE_MODULE_AVAILABLE_juce_audio_formats=1",
					"JUCE_MODULE_AVAILABLE_juce_audio_plugin_client=1",
					"JUCE_MODULE_AVAILABLE_juce_audio_processors=1",
					"JUCE_MODULE_AVAILABLE_juce_audio_utils=1",
					"JUCE_MODULE_AVAILABLE_juce_core=1",
					"JUCE_MODULE_AVAILABLE_juce_data_structures=1",
					"JUCE_MODULE_AVAILABLE_juce_events=1",
					"JUCE_MODULE_AVAILABLE_juce_graphics=1",
					"JUCE_MODULE_AVAILABLE_juce_gui_basics=1",
					"JUCE_MODULE_AVAILABLE_juce_gui_extra=1",
					"JUCE_GLOBAL_MODULE_SETTINGS_INCLUDED=1",
					"JUCE_VST3_CAN_REPLACE_VST2=0",
					"JUCE_STRICT_REFCOUNTEDPOINTER=1",
					"JucePlugin_Enable_IAA=0",
					"JucePlugin_Name=\\\"nopainnoGain\\\"",
					"JucePlugin_Desc=\\\"nopainnoGain\\\"",
					"JucePlugin_Manufacturer=\\\"yourcompany\\\"",
					"JucePlugin_ManufacturerWebsite=\\\"\\\"",
					"JucePlugin_ManufacturerEmail=\\\"\\\"",
					"JucePlugin_ManufacturerCode=0x4d616e75",
					"JucePlugin_PluginCode=0x44367361",
					"JucePlugin_IsSynth=0",
					"JucePlugin_WantsMidiInput=0",
					"JucePlugin_ProducesMidiOutput=0",
					"JucePlugin_IsMidiEffect=0",
					"JucePlugin_EditorRequiresKeyboardFocus=0",
					"JucePlugin_Version=1.0.0",
					"JucePlugin_VersionCode=0x10000",
					"JucePlugin_VersionString=\\\"1.0.0\\\"",
					"JucePlugin_VSTUniqueID=JucePlugin_PluginCode",
					"JucePlugin_VSTCategory=kPlugCategEffect",
					"JucePlugin_Vst3Category=\\\"Fx\\\"",
					"JucePlugin_AUMainType='aufx'",
					"JucePlugin_AUSubType=JucePlugin_PluginCode",
					"JucePlugin_AUExportPrefix=nopainnoGainAU",
					"JucePlugin_AUExportPrefixQuoted=\\\"nopainnoGainAU\\\"",
					"JucePlugin_AUManufacturerCode=JucePlugin_ManufacturerCode",
					"JucePlugin_CFBundleIdentifier=com.yourcompany.nopainnoGain",
					"JucePlugin_RTASCategory=0",
					"JucePlugin_RTASManufacturerCode=JucePlugin_ManufacturerCode",
					"JucePlugin_RTASProductId=JucePlugin_PluginCode",
					"JucePlugin_RTASDisableBypass=0",
					"JucePlugin_RTASDisableMultiMono=0",
					"JucePlugin_AAXIdentifier=com.yourcompany.nopainnoGain",
					"JucePlugin_AAXManufacturerCode=JucePlugin_ManufacturerCode",
					"JucePlugin_AAXProductId=JucePlugin_PluginCode",
					"JucePlugin_AAXCategory=0",
					"JucePlugin_AAXDisableBypass=0",
					"JucePlugin_AAXDisableMultiMono=0",
					"JucePlugin_IAAType=0x61757278",
					"JucePlugin_IAASubType=JucePlugin_PluginCode",
					"JucePlugin_IAAName=\\\"yourcompany:\\ nopainnoGain\\\"",
					"JucePlugin_VSTNumMidiInputs=16",
					"JucePlugin_VSTNumMidiOutputs=16",
					"JUCE_STANDALONE_APPLICATION=JucePlugin_Build_Standalone",
				);
				GCC_VERSION = com.apple.compilers.llvm.clang.1_0;
				HEADER_SEARCH_PATHS = (
					"$(HOME)/JUCE/modules/juce_audio_processors/format_types/VST3_SDK",
					../../JuceLibraryCode,
					"$(HOME)/JUCE/modules",
					"$(HOME)/JUCE/modules/juce_audio_plugin_client",
					"$(inherited)",
				);
				INFOPLIST_FILE = "Info-Standalone_Plugin.plist";
				INFOPLIST_PREPROCESS = NO;
				LLVM_LTO = YES;
				MACOSX_DEPLOYMENT_TARGET = 10.11;
				OTHER_LDFLAGS = "-lnopainnoGain";
				PRODUCT_BUNDLE_IDENTIFIER = com.yourcompany.nopainnoGain;
				PRODUCT_NAME = nopainnoGain;
				USE_HEADERMAP = NO;
			};
			name = Release;
		};
		6EAA242AEDFE24ED5E88CE32 /* Release */ = {
			isa = XCBuildConfiguration;
			buildSettings = {
				MACOSX_DEPLOYMENT_TARGET = 10.11;
				SDKROOT = macosx;
			};
			name = Release;
		};
		861892A1C8F04A1C5BD65FEF /* Debug */ = {
			isa = XCBuildConfiguration;
			buildSettings = {
				MACOSX_DEPLOYMENT_TARGET = 10.11;
				SDKROOT = macosx;
			};
			name = Debug;
		};
		8936EFAF4E04669EBCADF1F4 /* Debug */ = {
			isa = XCBuildConfiguration;
			buildSettings = {
				CLANG_CXX_LANGUAGE_STANDARD = "c++14";
				CLANG_CXX_LIBRARY = "libc++";
				CLANG_LINK_OBJC_RUNTIME = NO;
				CODE_SIGN_IDENTITY = "";
				COMBINE_HIDPI_IMAGES = YES;
				CONFIGURATION_BUILD_DIR = "$(PROJECT_DIR)/build/$(CONFIGURATION)";
				COPY_PHASE_STRIP = NO;
				DEPLOYMENT_LOCATION = YES;
				DSTROOT = /;
				GCC_DYNAMIC_NO_PIC = NO;
				GCC_OPTIMIZATION_LEVEL = 0;
				GCC_PREPROCESSOR_DEFINITIONS = (
					"_DEBUG=1",
					"DEBUG=1",
					"JUCER_XCODE_MAC_F6D2F4CF=1",
					"JUCE_APP_VERSION=1.0.0",
					"JUCE_APP_VERSION_HEX=0x10000",
					"JucePlugin_Build_VST=0",
					"JucePlugin_Build_VST3=1",
					"JucePlugin_Build_AU=1",
					"JucePlugin_Build_AUv3=0",
					"JucePlugin_Build_RTAS=0",
					"JucePlugin_Build_AAX=0",
					"JucePlugin_Build_Standalone=1",
					"JucePlugin_Build_Unity=0",
					"JUCE_DISPLAY_SPLASH_SCREEN=1",
					"JUCE_USE_DARK_SPLASH_SCREEN=1",
					"JUCE_PROJUCER_VERSION=0x60001",
					"JUCE_MODULE_AVAILABLE_juce_audio_basics=1",
					"JUCE_MODULE_AVAILABLE_juce_audio_devices=1",
					"JUCE_MODULE_AVAILABLE_juce_audio_formats=1",
					"JUCE_MODULE_AVAILABLE_juce_audio_plugin_client=1",
					"JUCE_MODULE_AVAILABLE_juce_audio_processors=1",
					"JUCE_MODULE_AVAILABLE_juce_audio_utils=1",
					"JUCE_MODULE_AVAILABLE_juce_core=1",
					"JUCE_MODULE_AVAILABLE_juce_data_structures=1",
					"JUCE_MODULE_AVAILABLE_juce_events=1",
					"JUCE_MODULE_AVAILABLE_juce_graphics=1",
					"JUCE_MODULE_AVAILABLE_juce_gui_basics=1",
					"JUCE_MODULE_AVAILABLE_juce_gui_extra=1",
					"JUCE_GLOBAL_MODULE_SETTINGS_INCLUDED=1",
					"JUCE_VST3_CAN_REPLACE_VST2=0",
					"JUCE_STRICT_REFCOUNTEDPOINTER=1",
					"JucePlugin_Enable_IAA=0",
					"JucePlugin_Name=\\\"nopainnoGain\\\"",
					"JucePlugin_Desc=\\\"nopainnoGain\\\"",
					"JucePlugin_Manufacturer=\\\"yourcompany\\\"",
					"JucePlugin_ManufacturerWebsite=\\\"\\\"",
					"JucePlugin_ManufacturerEmail=\\\"\\\"",
					"JucePlugin_ManufacturerCode=0x4d616e75",
					"JucePlugin_PluginCode=0x44367361",
					"JucePlugin_IsSynth=0",
					"JucePlugin_WantsMidiInput=0",
					"JucePlugin_ProducesMidiOutput=0",
					"JucePlugin_IsMidiEffect=0",
					"JucePlugin_EditorRequiresKeyboardFocus=0",
					"JucePlugin_Version=1.0.0",
					"JucePlugin_VersionCode=0x10000",
					"JucePlugin_VersionString=\\\"1.0.0\\\"",
					"JucePlugin_VSTUniqueID=JucePlugin_PluginCode",
					"JucePlugin_VSTCategory=kPlugCategEffect",
					"JucePlugin_Vst3Category=\\\"Fx\\\"",
					"JucePlugin_AUMainType='aufx'",
					"JucePlugin_AUSubType=JucePlugin_PluginCode",
					"JucePlugin_AUExportPrefix=nopainnoGainAU",
					"JucePlugin_AUExportPrefixQuoted=\\\"nopainnoGainAU\\\"",
					"JucePlugin_AUManufacturerCode=JucePlugin_ManufacturerCode",
					"JucePlugin_CFBundleIdentifier=com.yourcompany.nopainnoGain",
					"JucePlugin_RTASCategory=0",
					"JucePlugin_RTASManufacturerCode=JucePlugin_ManufacturerCode",
					"JucePlugin_RTASProductId=JucePlugin_PluginCode",
					"JucePlugin_RTASDisableBypass=0",
					"JucePlugin_RTASDisableMultiMono=0",
					"JucePlugin_AAXIdentifier=com.yourcompany.nopainnoGain",
					"JucePlugin_AAXManufacturerCode=JucePlugin_ManufacturerCode",
					"JucePlugin_AAXProductId=JucePlugin_PluginCode",
					"JucePlugin_AAXCategory=0",
					"JucePlugin_AAXDisableBypass=0",
					"JucePlugin_AAXDisableMultiMono=0",
					"JucePlugin_IAAType=0x61757278",
					"JucePlugin_IAASubType=JucePlugin_PluginCode",
					"JucePlugin_IAAName=\\\"yourcompany:\\ nopainnoGain\\\"",
					"JucePlugin_VSTNumMidiInputs=16",
					"JucePlugin_VSTNumMidiOutputs=16",
					"JUCE_STANDALONE_APPLICATION=JucePlugin_Build_Standalone",
				);
				GCC_VERSION = com.apple.compilers.llvm.clang.1_0;
				GENERATE_PKGINFO_FILE = YES;
				HEADER_SEARCH_PATHS = (
					"$(HOME)/JUCE/modules/juce_audio_processors/format_types/VST3_SDK",
					../../JuceLibraryCode,
					"$(HOME)/JUCE/modules",
					"$(HOME)/JUCE/modules/juce_audio_plugin_client",
					"$(inherited)",
				);
				INFOPLIST_FILE = "Info-VST3.plist";
				INFOPLIST_PREPROCESS = NO;
				INSTALL_PATH = "$(HOME)/Library/Audio/Plug-Ins/VST3/";
				LIBRARY_STYLE = Bundle;
				MACOSX_DEPLOYMENT_TARGET = 10.11;
				OTHER_LDFLAGS = (
					"-bundle",
					"-lnopainnoGain",
				);
				PRODUCT_BUNDLE_IDENTIFIER = com.yourcompany.nopainnoGain;
				PRODUCT_NAME = nopainnoGain;
				USE_HEADERMAP = NO;
				WRAPPER_EXTENSION = vst3;
			};
			name = Debug;
		};
		8E3658BF7103CF63A7361DF5 /* Debug */ = {
			isa = XCBuildConfiguration;
			buildSettings = {
				CLANG_CXX_LANGUAGE_STANDARD = "c++14";
				CLANG_CXX_LIBRARY = "libc++";
				CLANG_LINK_OBJC_RUNTIME = NO;
				CODE_SIGN_IDENTITY = "";
				COMBINE_HIDPI_IMAGES = YES;
				CONFIGURATION_BUILD_DIR = "$(PROJECT_DIR)/build/$(CONFIGURATION)";
				COPY_PHASE_STRIP = NO;
				GCC_DYNAMIC_NO_PIC = NO;
				GCC_OPTIMIZATION_LEVEL = 0;
				GCC_PREPROCESSOR_DEFINITIONS = (
					"_DEBUG=1",
					"DEBUG=1",
					"JUCER_XCODE_MAC_F6D2F4CF=1",
					"JUCE_APP_VERSION=1.0.0",
					"JUCE_APP_VERSION_HEX=0x10000",
					"JucePlugin_Build_VST=0",
					"JucePlugin_Build_VST3=1",
					"JucePlugin_Build_AU=1",
					"JucePlugin_Build_AUv3=0",
					"JucePlugin_Build_RTAS=0",
					"JucePlugin_Build_AAX=0",
					"JucePlugin_Build_Standalone=1",
					"JucePlugin_Build_Unity=0",
					"JUCE_SHARED_CODE=1",
					"JUCE_DISPLAY_SPLASH_SCREEN=1",
					"JUCE_USE_DARK_SPLASH_SCREEN=1",
					"JUCE_PROJUCER_VERSION=0x60001",
					"JUCE_MODULE_AVAILABLE_juce_audio_basics=1",
					"JUCE_MODULE_AVAILABLE_juce_audio_devices=1",
					"JUCE_MODULE_AVAILABLE_juce_audio_formats=1",
					"JUCE_MODULE_AVAILABLE_juce_audio_plugin_client=1",
					"JUCE_MODULE_AVAILABLE_juce_audio_processors=1",
					"JUCE_MODULE_AVAILABLE_juce_audio_utils=1",
					"JUCE_MODULE_AVAILABLE_juce_core=1",
					"JUCE_MODULE_AVAILABLE_juce_data_structures=1",
					"JUCE_MODULE_AVAILABLE_juce_events=1",
					"JUCE_MODULE_AVAILABLE_juce_graphics=1",
					"JUCE_MODULE_AVAILABLE_juce_gui_basics=1",
					"JUCE_MODULE_AVAILABLE_juce_gui_extra=1",
					"JUCE_GLOBAL_MODULE_SETTINGS_INCLUDED=1",
					"JUCE_VST3_CAN_REPLACE_VST2=0",
					"JUCE_STRICT_REFCOUNTEDPOINTER=1",
					"JucePlugin_Enable_IAA=0",
					"JucePlugin_Name=\\\"nopainnoGain\\\"",
					"JucePlugin_Desc=\\\"nopainnoGain\\\"",
					"JucePlugin_Manufacturer=\\\"yourcompany\\\"",
					"JucePlugin_ManufacturerWebsite=\\\"\\\"",
					"JucePlugin_ManufacturerEmail=\\\"\\\"",
					"JucePlugin_ManufacturerCode=0x4d616e75",
					"JucePlugin_PluginCode=0x44367361",
					"JucePlugin_IsSynth=0",
					"JucePlugin_WantsMidiInput=0",
					"JucePlugin_ProducesMidiOutput=0",
					"JucePlugin_IsMidiEffect=0",
					"JucePlugin_EditorRequiresKeyboardFocus=0",
					"JucePlugin_Version=1.0.0",
					"JucePlugin_VersionCode=0x10000",
					"JucePlugin_VersionString=\\\"1.0.0\\\"",
					"JucePlugin_VSTUniqueID=JucePlugin_PluginCode",
					"JucePlugin_VSTCategory=kPlugCategEffect",
					"JucePlugin_Vst3Category=\\\"Fx\\\"",
					"JucePlugin_AUMainType='aufx'",
					"JucePlugin_AUSubType=JucePlugin_PluginCode",
					"JucePlugin_AUExportPrefix=nopainnoGainAU",
					"JucePlugin_AUExportPrefixQuoted=\\\"nopainnoGainAU\\\"",
					"JucePlugin_AUManufacturerCode=JucePlugin_ManufacturerCode",
					"JucePlugin_CFBundleIdentifier=com.yourcompany.nopainnoGain",
					"JucePlugin_RTASCategory=0",
					"JucePlugin_RTASManufacturerCode=JucePlugin_ManufacturerCode",
					"JucePlugin_RTASProductId=JucePlugin_PluginCode",
					"JucePlugin_RTASDisableBypass=0",
					"JucePlugin_RTASDisableMultiMono=0",
					"JucePlugin_AAXIdentifier=com.yourcompany.nopainnoGain",
					"JucePlugin_AAXManufacturerCode=JucePlugin_ManufacturerCode",
					"JucePlugin_AAXProductId=JucePlugin_PluginCode",
					"JucePlugin_AAXCategory=0",
					"JucePlugin_AAXDisableBypass=0",
					"JucePlugin_AAXDisableMultiMono=0",
					"JucePlugin_IAAType=0x61757278",
					"JucePlugin_IAASubType=JucePlugin_PluginCode",
					"JucePlugin_IAAName=\\\"yourcompany:\\ nopainnoGain\\\"",
					"JucePlugin_VSTNumMidiInputs=16",
					"JucePlugin_VSTNumMidiOutputs=16",
					"JUCE_STANDALONE_APPLICATION=JucePlugin_Build_Standalone",
				);
				GCC_VERSION = com.apple.compilers.llvm.clang.1_0;
				HEADER_SEARCH_PATHS = (
					"$(HOME)/JUCE/modules/juce_audio_processors/format_types/VST3_SDK",
					../../JuceLibraryCode,
					"$(HOME)/JUCE/modules",
					"$(HOME)/JUCE/modules/juce_audio_plugin_client",
					"$(inherited)",
				);
				INSTALL_PATH = "@executable_path/../Frameworks";
				MACOSX_DEPLOYMENT_TARGET = 10.11;
				PRODUCT_BUNDLE_IDENTIFIER = com.yourcompany.nopainnoGain;
				PRODUCT_NAME = nopainnoGain;
				SKIP_INSTALL = YES;
				USE_HEADERMAP = NO;
			};
			name = Debug;
		};
		9A92552618CF7DBDF227D548 /* Release */ = {
			isa = XCBuildConfiguration;
			buildSettings = {
				ALWAYS_SEARCH_USER_PATHS = NO;
				CLANG_ENABLE_OBJC_WEAK = YES;
				CLANG_WARN_BLOCK_CAPTURE_AUTORELEASING = YES;
				CLANG_WARN_BOOL_CONVERSION = YES;
				CLANG_WARN_COMMA = YES;
				CLANG_WARN_CONSTANT_CONVERSION = YES;
				CLANG_WARN_DEPRECATED_OBJC_IMPLEMENTATIONS = YES;
				CLANG_WARN_EMPTY_BODY = YES;
				CLANG_WARN_ENUM_CONVERSION = YES;
				CLANG_WARN_INFINITE_RECURSION = YES;
				CLANG_WARN_INT_CONVERSION = YES;
				CLANG_WARN_NON_LITERAL_NULL_CONVERSION = YES;
				CLANG_WARN_OBJC_IMPLICIT_RETAIN_SELF = YES;
				CLANG_WARN_OBJC_LITERAL_CONVERSION = YES;
				CLANG_WARN_RANGE_LOOP_ANALYSIS = YES;
				CLANG_WARN_STRICT_PROTOTYPES = YES;
				CLANG_WARN_SUSPICIOUS_MOVE = YES;
				CLANG_WARN_UNREACHABLE_CODE = YES;
				CLANG_WARN__DUPLICATE_METHOD_MATCH = YES;
				CODE_SIGN_IDENTITY = "";
				DEBUG_INFORMATION_FORMAT = dwarf;
				ENABLE_STRICT_OBJC_MSGSEND = YES;
				ENABLE_TESTABILITY = NO;
				GCC_C_LANGUAGE_STANDARD = c11;
				GCC_INLINES_ARE_PRIVATE_EXTERN = YES;
				GCC_MODEL_TUNING = G5;
				GCC_NO_COMMON_BLOCKS = YES;
				GCC_SYMBOLS_PRIVATE_EXTERN = YES;
				GCC_WARN_64_TO_32_BIT_CONVERSION = YES;
				GCC_WARN_ABOUT_RETURN_TYPE = YES;
				GCC_WARN_CHECK_SWITCH_STATEMENTS = YES;
				GCC_WARN_MISSING_PARENTHESES = YES;
				GCC_WARN_NON_VIRTUAL_DESTRUCTOR = YES;
				GCC_WARN_TYPECHECK_CALLS_TO_PRINTF = YES;
				GCC_WARN_UNDECLARED_SELECTOR = YES;
				GCC_WARN_UNINITIALIZED_AUTOS = YES;
				GCC_WARN_UNUSED_FUNCTION = YES;
				GCC_WARN_UNUSED_VARIABLE = YES;
				PRODUCT_NAME = nopainnoGain;
				SDKROOT = macosx;
				WARNING_CFLAGS = "-Wreorder";
				ZERO_LINK = NO;
			};
			name = Release;
		};
		C53256426317C5BB98C41D5A /* Debug */ = {
			isa = XCBuildConfiguration;
			buildSettings = {
				CLANG_CXX_LANGUAGE_STANDARD = "c++14";
				CLANG_CXX_LIBRARY = "libc++";
				CLANG_LINK_OBJC_RUNTIME = NO;
				CODE_SIGN_IDENTITY = "";
				COMBINE_HIDPI_IMAGES = YES;
				CONFIGURATION_BUILD_DIR = "$(PROJECT_DIR)/build/$(CONFIGURATION)";
				COPY_PHASE_STRIP = NO;
				DEPLOYMENT_LOCATION = YES;
				DSTROOT = /;
				GCC_DYNAMIC_NO_PIC = NO;
				GCC_OPTIMIZATION_LEVEL = 0;
				GCC_PREPROCESSOR_DEFINITIONS = (
					"_DEBUG=1",
					"DEBUG=1",
					"JUCER_XCODE_MAC_F6D2F4CF=1",
					"JUCE_APP_VERSION=1.0.0",
					"JUCE_APP_VERSION_HEX=0x10000",
					"JucePlugin_Build_VST=0",
					"JucePlugin_Build_VST3=1",
					"JucePlugin_Build_AU=1",
					"JucePlugin_Build_AUv3=0",
					"JucePlugin_Build_RTAS=0",
					"JucePlugin_Build_AAX=0",
					"JucePlugin_Build_Standalone=1",
					"JucePlugin_Build_Unity=0",
					"JUCE_DISPLAY_SPLASH_SCREEN=1",
					"JUCE_USE_DARK_SPLASH_SCREEN=1",
					"JUCE_PROJUCER_VERSION=0x60001",
					"JUCE_MODULE_AVAILABLE_juce_audio_basics=1",
					"JUCE_MODULE_AVAILABLE_juce_audio_devices=1",
					"JUCE_MODULE_AVAILABLE_juce_audio_formats=1",
					"JUCE_MODULE_AVAILABLE_juce_audio_plugin_client=1",
					"JUCE_MODULE_AVAILABLE_juce_audio_processors=1",
					"JUCE_MODULE_AVAILABLE_juce_audio_utils=1",
					"JUCE_MODULE_AVAILABLE_juce_core=1",
					"JUCE_MODULE_AVAILABLE_juce_data_structures=1",
					"JUCE_MODULE_AVAILABLE_juce_events=1",
					"JUCE_MODULE_AVAILABLE_juce_graphics=1",
					"JUCE_MODULE_AVAILABLE_juce_gui_basics=1",
					"JUCE_MODULE_AVAILABLE_juce_gui_extra=1",
					"JUCE_GLOBAL_MODULE_SETTINGS_INCLUDED=1",
					"JUCE_VST3_CAN_REPLACE_VST2=0",
					"JUCE_STRICT_REFCOUNTEDPOINTER=1",
					"JucePlugin_Enable_IAA=0",
					"JucePlugin_Name=\\\"nopainnoGain\\\"",
					"JucePlugin_Desc=\\\"nopainnoGain\\\"",
					"JucePlugin_Manufacturer=\\\"yourcompany\\\"",
					"JucePlugin_ManufacturerWebsite=\\\"\\\"",
					"JucePlugin_ManufacturerEmail=\\\"\\\"",
					"JucePlugin_ManufacturerCode=0x4d616e75",
					"JucePlugin_PluginCode=0x44367361",
					"JucePlugin_IsSynth=0",
					"JucePlugin_WantsMidiInput=0",
					"JucePlugin_ProducesMidiOutput=0",
					"JucePlugin_IsMidiEffect=0",
					"JucePlugin_EditorRequiresKeyboardFocus=0",
					"JucePlugin_Version=1.0.0",
					"JucePlugin_VersionCode=0x10000",
					"JucePlugin_VersionString=\\\"1.0.0\\\"",
					"JucePlugin_VSTUniqueID=JucePlugin_PluginCode",
					"JucePlugin_VSTCategory=kPlugCategEffect",
					"JucePlugin_Vst3Category=\\\"Fx\\\"",
					"JucePlugin_AUMainType='aufx'",
					"JucePlugin_AUSubType=JucePlugin_PluginCode",
					"JucePlugin_AUExportPrefix=nopainnoGainAU",
					"JucePlugin_AUExportPrefixQuoted=\\\"nopainnoGainAU\\\"",
					"JucePlugin_AUManufacturerCode=JucePlugin_ManufacturerCode",
					"JucePlugin_CFBundleIdentifier=com.yourcompany.nopainnoGain",
					"JucePlugin_RTASCategory=0",
					"JucePlugin_RTASManufacturerCode=JucePlugin_ManufacturerCode",
					"JucePlugin_RTASProductId=JucePlugin_PluginCode",
					"JucePlugin_RTASDisableBypass=0",
					"JucePlugin_RTASDisableMultiMono=0",
					"JucePlugin_AAXIdentifier=com.yourcompany.nopainnoGain",
					"JucePlugin_AAXManufacturerCode=JucePlugin_ManufacturerCode",
					"JucePlugin_AAXProductId=JucePlugin_PluginCode",
					"JucePlugin_AAXCategory=0",
					"JucePlugin_AAXDisableBypass=0",
					"JucePlugin_AAXDisableMultiMono=0",
					"JucePlugin_IAAType=0x61757278",
					"JucePlugin_IAASubType=JucePlugin_PluginCode",
					"JucePlugin_IAAName=\\\"yourcompany:\\ nopainnoGain\\\"",
					"JucePlugin_VSTNumMidiInputs=16",
					"JucePlugin_VSTNumMidiOutputs=16",
					"JUCE_STANDALONE_APPLICATION=JucePlugin_Build_Standalone",
				);
				GCC_VERSION = com.apple.compilers.llvm.clang.1_0;
				GENERATE_PKGINFO_FILE = YES;
				HEADER_SEARCH_PATHS = (
					"$(HOME)/JUCE/modules/juce_audio_processors/format_types/VST3_SDK",
					../../JuceLibraryCode,
					"$(HOME)/JUCE/modules",
					"$(HOME)/JUCE/modules/juce_audio_plugin_client",
					"$(inherited)",
				);
				INFOPLIST_FILE = "Info-AU.plist";
				INFOPLIST_PREPROCESS = NO;
				INSTALL_PATH = "$(HOME)/Library/Audio/Plug-Ins/Components/";
				LIBRARY_STYLE = Bundle;
				MACOSX_DEPLOYMENT_TARGET = 10.11;
				OTHER_LDFLAGS = (
					"-bundle",
					"-lnopainnoGain",
				);
				OTHER_REZFLAGS = "-d ppc_$ppc -d i386_$i386 -d ppc64_$ppc64 -d x86_64_$x86_64 -I /System/Library/Frameworks/CoreServices.framework/Frameworks/CarbonCore.framework/Versions/A/Headers -I \"$(DEVELOPER_DIR)/Extras/CoreAudio/AudioUnits/AUPublic/AUBase\" -I \"$(DEVELOPER_DIR)/Platforms/MacOSX.platform/Developer/SDKs/MacOSX.sdk/System/Library/Frameworks/AudioUnit.framework/Headers\"";
				PRODUCT_BUNDLE_IDENTIFIER = com.yourcompany.nopainnoGain;
				PRODUCT_NAME = nopainnoGain;
				USE_HEADERMAP = NO;
				WRAPPER_EXTENSION = component;
			};
			name = Debug;
		};
		D9BE51D13E106357877EA7B8 /* Release */ = {
			isa = XCBuildConfiguration;
			buildSettings = {
				CLANG_CXX_LANGUAGE_STANDARD = "c++14";
				CLANG_CXX_LIBRARY = "libc++";
				CLANG_LINK_OBJC_RUNTIME = NO;
				CODE_SIGN_IDENTITY = "";
				COMBINE_HIDPI_IMAGES = YES;
				CONFIGURATION_BUILD_DIR = "$(PROJECT_DIR)/build/$(CONFIGURATION)";
				DEAD_CODE_STRIPPING = YES;
				DEPLOYMENT_LOCATION = YES;
				DSTROOT = /;
				GCC_GENERATE_DEBUGGING_SYMBOLS = NO;
				GCC_OPTIMIZATION_LEVEL = 3;
				GCC_PREPROCESSOR_DEFINITIONS = (
					"_NDEBUG=1",
					"NDEBUG=1",
					"JUCER_XCODE_MAC_F6D2F4CF=1",
					"JUCE_APP_VERSION=1.0.0",
					"JUCE_APP_VERSION_HEX=0x10000",
					"JucePlugin_Build_VST=0",
					"JucePlugin_Build_VST3=1",
					"JucePlugin_Build_AU=1",
					"JucePlugin_Build_AUv3=0",
					"JucePlugin_Build_RTAS=0",
					"JucePlugin_Build_AAX=0",
					"JucePlugin_Build_Standalone=1",
					"JucePlugin_Build_Unity=0",
					"JUCE_DISPLAY_SPLASH_SCREEN=1",
					"JUCE_USE_DARK_SPLASH_SCREEN=1",
					"JUCE_PROJUCER_VERSION=0x60001",
					"JUCE_MODULE_AVAILABLE_juce_audio_basics=1",
					"JUCE_MODULE_AVAILABLE_juce_audio_devices=1",
					"JUCE_MODULE_AVAILABLE_juce_audio_formats=1",
					"JUCE_MODULE_AVAILABLE_juce_audio_plugin_client=1",
					"JUCE_MODULE_AVAILABLE_juce_audio_processors=1",
					"JUCE_MODULE_AVAILABLE_juce_audio_utils=1",
					"JUCE_MODULE_AVAILABLE_juce_core=1",
					"JUCE_MODULE_AVAILABLE_juce_data_structures=1",
					"JUCE_MODULE_AVAILABLE_juce_events=1",
					"JUCE_MODULE_AVAILABLE_juce_graphics=1",
					"JUCE_MODULE_AVAILABLE_juce_gui_basics=1",
					"JUCE_MODULE_AVAILABLE_juce_gui_extra=1",
					"JUCE_GLOBAL_MODULE_SETTINGS_INCLUDED=1",
					"JUCE_VST3_CAN_REPLACE_VST2=0",
					"JUCE_STRICT_REFCOUNTEDPOINTER=1",
					"JucePlugin_Enable_IAA=0",
					"JucePlugin_Name=\\\"nopainnoGain\\\"",
					"JucePlugin_Desc=\\\"nopainnoGain\\\"",
					"JucePlugin_Manufacturer=\\\"yourcompany\\\"",
					"JucePlugin_ManufacturerWebsite=\\\"\\\"",
					"JucePlugin_ManufacturerEmail=\\\"\\\"",
					"JucePlugin_ManufacturerCode=0x4d616e75",
					"JucePlugin_PluginCode=0x44367361",
					"JucePlugin_IsSynth=0",
					"JucePlugin_WantsMidiInput=0",
					"JucePlugin_ProducesMidiOutput=0",
					"JucePlugin_IsMidiEffect=0",
					"JucePlugin_EditorRequiresKeyboardFocus=0",
					"JucePlugin_Version=1.0.0",
					"JucePlugin_VersionCode=0x10000",
					"JucePlugin_VersionString=\\\"1.0.0\\\"",
					"JucePlugin_VSTUniqueID=JucePlugin_PluginCode",
					"JucePlugin_VSTCategory=kPlugCategEffect",
					"JucePlugin_Vst3Category=\\\"Fx\\\"",
					"JucePlugin_AUMainType='aufx'",
					"JucePlugin_AUSubType=JucePlugin_PluginCode",
					"JucePlugin_AUExportPrefix=nopainnoGainAU",
					"JucePlugin_AUExportPrefixQuoted=\\\"nopainnoGainAU\\\"",
					"JucePlugin_AUManufacturerCode=JucePlugin_ManufacturerCode",
					"JucePlugin_CFBundleIdentifier=com.yourcompany.nopainnoGain",
					"JucePlugin_RTASCategory=0",
					"JucePlugin_RTASManufacturerCode=JucePlugin_ManufacturerCode",
					"JucePlugin_RTASProductId=JucePlugin_PluginCode",
					"JucePlugin_RTASDisableBypass=0",
					"JucePlugin_RTASDisableMultiMono=0",
					"JucePlugin_AAXIdentifier=com.yourcompany.nopainnoGain",
					"JucePlugin_AAXManufacturerCode=JucePlugin_ManufacturerCode",
					"JucePlugin_AAXProductId=JucePlugin_PluginCode",
					"JucePlugin_AAXCategory=0",
					"JucePlugin_AAXDisableBypass=0",
					"JucePlugin_AAXDisableMultiMono=0",
					"JucePlugin_IAAType=0x61757278",
					"JucePlugin_IAASubType=JucePlugin_PluginCode",
					"JucePlugin_IAAName=\\\"yourcompany:\\ nopainnoGain\\\"",
					"JucePlugin_VSTNumMidiInputs=16",
					"JucePlugin_VSTNumMidiOutputs=16",
					"JUCE_STANDALONE_APPLICATION=JucePlugin_Build_Standalone",
				);
				GCC_VERSION = com.apple.compilers.llvm.clang.1_0;
				GENERATE_PKGINFO_FILE = YES;
				HEADER_SEARCH_PATHS = (
					"$(HOME)/JUCE/modules/juce_audio_processors/format_types/VST3_SDK",
					../../JuceLibraryCode,
					"$(HOME)/JUCE/modules",
					"$(HOME)/JUCE/modules/juce_audio_plugin_client",
					"$(inherited)",
				);
				INFOPLIST_FILE = "Info-VST3.plist";
				INFOPLIST_PREPROCESS = NO;
				INSTALL_PATH = "$(HOME)/Library/Audio/Plug-Ins/VST3/";
				LIBRARY_STYLE = Bundle;
				LLVM_LTO = YES;
				MACOSX_DEPLOYMENT_TARGET = 10.11;
				OTHER_LDFLAGS = (
					"-bundle",
					"-lnopainnoGain",
				);
				PRODUCT_BUNDLE_IDENTIFIER = com.yourcompany.nopainnoGain;
				PRODUCT_NAME = nopainnoGain;
				USE_HEADERMAP = NO;
				WRAPPER_EXTENSION = vst3;
			};
			name = Release;
		};
		DF96C53F5A5702010843A496 /* Release */ = {
			isa = XCBuildConfiguration;
			buildSettings = {
				CLANG_CXX_LANGUAGE_STANDARD = "c++14";
				CLANG_CXX_LIBRARY = "libc++";
				CLANG_LINK_OBJC_RUNTIME = NO;
				CODE_SIGN_IDENTITY = "";
				COMBINE_HIDPI_IMAGES = YES;
				CONFIGURATION_BUILD_DIR = "$(PROJECT_DIR)/build/$(CONFIGURATION)";
				DEAD_CODE_STRIPPING = YES;
				DEPLOYMENT_LOCATION = YES;
				DSTROOT = /;
				GCC_GENERATE_DEBUGGING_SYMBOLS = NO;
				GCC_OPTIMIZATION_LEVEL = 3;
				GCC_PREPROCESSOR_DEFINITIONS = (
					"_NDEBUG=1",
					"NDEBUG=1",
					"JUCER_XCODE_MAC_F6D2F4CF=1",
					"JUCE_APP_VERSION=1.0.0",
					"JUCE_APP_VERSION_HEX=0x10000",
					"JucePlugin_Build_VST=0",
					"JucePlugin_Build_VST3=1",
					"JucePlugin_Build_AU=1",
					"JucePlugin_Build_AUv3=0",
					"JucePlugin_Build_RTAS=0",
					"JucePlugin_Build_AAX=0",
					"JucePlugin_Build_Standalone=1",
					"JucePlugin_Build_Unity=0",
					"JUCE_DISPLAY_SPLASH_SCREEN=1",
					"JUCE_USE_DARK_SPLASH_SCREEN=1",
					"JUCE_PROJUCER_VERSION=0x60001",
					"JUCE_MODULE_AVAILABLE_juce_audio_basics=1",
					"JUCE_MODULE_AVAILABLE_juce_audio_devices=1",
					"JUCE_MODULE_AVAILABLE_juce_audio_formats=1",
					"JUCE_MODULE_AVAILABLE_juce_audio_plugin_client=1",
					"JUCE_MODULE_AVAILABLE_juce_audio_processors=1",
					"JUCE_MODULE_AVAILABLE_juce_audio_utils=1",
					"JUCE_MODULE_AVAILABLE_juce_core=1",
					"JUCE_MODULE_AVAILABLE_juce_data_structures=1",
					"JUCE_MODULE_AVAILABLE_juce_events=1",
					"JUCE_MODULE_AVAILABLE_juce_graphics=1",
					"JUCE_MODULE_AVAILABLE_juce_gui_basics=1",
					"JUCE_MODULE_AVAILABLE_juce_gui_extra=1",
					"JUCE_GLOBAL_MODULE_SETTINGS_INCLUDED=1",
					"JUCE_VST3_CAN_REPLACE_VST2=0",
					"JUCE_STRICT_REFCOUNTEDPOINTER=1",
					"JucePlugin_Enable_IAA=0",
					"JucePlugin_Name=\\\"nopainnoGain\\\"",
					"JucePlugin_Desc=\\\"nopainnoGain\\\"",
					"JucePlugin_Manufacturer=\\\"yourcompany\\\"",
					"JucePlugin_ManufacturerWebsite=\\\"\\\"",
					"JucePlugin_ManufacturerEmail=\\\"\\\"",
					"JucePlugin_ManufacturerCode=0x4d616e75",
					"JucePlugin_PluginCode=0x44367361",
					"JucePlugin_IsSynth=0",
					"JucePlugin_WantsMidiInput=0",
					"JucePlugin_ProducesMidiOutput=0",
					"JucePlugin_IsMidiEffect=0",
					"JucePlugin_EditorRequiresKeyboardFocus=0",
					"JucePlugin_Version=1.0.0",
					"JucePlugin_VersionCode=0x10000",
					"JucePlugin_VersionString=\\\"1.0.0\\\"",
					"JucePlugin_VSTUniqueID=JucePlugin_PluginCode",
					"JucePlugin_VSTCategory=kPlugCategEffect",
					"JucePlugin_Vst3Category=\\\"Fx\\\"",
					"JucePlugin_AUMainType='aufx'",
					"JucePlugin_AUSubType=JucePlugin_PluginCode",
					"JucePlugin_AUExportPrefix=nopainnoGainAU",
					"JucePlugin_AUExportPrefixQuoted=\\\"nopainnoGainAU\\\"",
					"JucePlugin_AUManufacturerCode=JucePlugin_ManufacturerCode",
					"JucePlugin_CFBundleIdentifier=com.yourcompany.nopainnoGain",
					"JucePlugin_RTASCategory=0",
					"JucePlugin_RTASManufacturerCode=JucePlugin_ManufacturerCode",
					"JucePlugin_RTASProductId=JucePlugin_PluginCode",
					"JucePlugin_RTASDisableBypass=0",
					"JucePlugin_RTASDisableMultiMono=0",
					"JucePlugin_AAXIdentifier=com.yourcompany.nopainnoGain",
					"JucePlugin_AAXManufacturerCode=JucePlugin_ManufacturerCode",
					"JucePlugin_AAXProductId=JucePlugin_PluginCode",
					"JucePlugin_AAXCategory=0",
					"JucePlugin_AAXDisableBypass=0",
					"JucePlugin_AAXDisableMultiMono=0",
					"JucePlugin_IAAType=0x61757278",
					"JucePlugin_IAASubType=JucePlugin_PluginCode",
					"JucePlugin_IAAName=\\\"yourcompany:\\ nopainnoGain\\\"",
					"JucePlugin_VSTNumMidiInputs=16",
					"JucePlugin_VSTNumMidiOutputs=16",
					"JUCE_STANDALONE_APPLICATION=JucePlugin_Build_Standalone",
				);
				GCC_VERSION = com.apple.compilers.llvm.clang.1_0;
				GENERATE_PKGINFO_FILE = YES;
				HEADER_SEARCH_PATHS = (
					"$(HOME)/JUCE/modules/juce_audio_processors/format_types/VST3_SDK",
					../../JuceLibraryCode,
					"$(HOME)/JUCE/modules",
					"$(HOME)/JUCE/modules/juce_audio_plugin_client",
					"$(inherited)",
				);
				INFOPLIST_FILE = "Info-AU.plist";
				INFOPLIST_PREPROCESS = NO;
				INSTALL_PATH = "$(HOME)/Library/Audio/Plug-Ins/Components/";
				LIBRARY_STYLE = Bundle;
				LLVM_LTO = YES;
				MACOSX_DEPLOYMENT_TARGET = 10.11;
				OTHER_LDFLAGS = (
					"-bundle",
					"-lnopainnoGain",
				);
				OTHER_REZFLAGS = "-d ppc_$ppc -d i386_$i386 -d ppc64_$ppc64 -d x86_64_$x86_64 -I /System/Library/Frameworks/CoreServices.framework/Frameworks/CarbonCore.framework/Versions/A/Headers -I \"$(DEVELOPER_DIR)/Extras/CoreAudio/AudioUnits/AUPublic/AUBase\" -I \"$(DEVELOPER_DIR)/Platforms/MacOSX.platform/Developer/SDKs/MacOSX.sdk/System/Library/Frameworks/AudioUnit.framework/Headers\"";
				PRODUCT_BUNDLE_IDENTIFIER = com.yourcompany.nopainnoGain;
				PRODUCT_NAME = nopainnoGain;
				USE_HEADERMAP = NO;
				WRAPPER_EXTENSION = component;
			};
			name = Release;
		};
		FAAEF25DADFF5594650EE184 /* Debug */ = {
			isa = XCBuildConfiguration;
			buildSettings = {
				ALWAYS_SEARCH_USER_PATHS = NO;
				CLANG_ENABLE_OBJC_WEAK = YES;
				CLANG_WARN_BLOCK_CAPTURE_AUTORELEASING = YES;
				CLANG_WARN_BOOL_CONVERSION = YES;
				CLANG_WARN_COMMA = YES;
				CLANG_WARN_CONSTANT_CONVERSION = YES;
				CLANG_WARN_DEPRECATED_OBJC_IMPLEMENTATIONS = YES;
				CLANG_WARN_EMPTY_BODY = YES;
				CLANG_WARN_ENUM_CONVERSION = YES;
				CLANG_WARN_INFINITE_RECURSION = YES;
				CLANG_WARN_INT_CONVERSION = YES;
				CLANG_WARN_NON_LITERAL_NULL_CONVERSION = YES;
				CLANG_WARN_OBJC_IMPLICIT_RETAIN_SELF = YES;
				CLANG_WARN_OBJC_LITERAL_CONVERSION = YES;
				CLANG_WARN_RANGE_LOOP_ANALYSIS = YES;
				CLANG_WARN_STRICT_PROTOTYPES = YES;
				CLANG_WARN_SUSPICIOUS_MOVE = YES;
				CLANG_WARN_UNREACHABLE_CODE = YES;
				CLANG_WARN__DUPLICATE_METHOD_MATCH = YES;
				CODE_SIGN_IDENTITY = "";
				DEBUG_INFORMATION_FORMAT = dwarf;
				ENABLE_STRICT_OBJC_MSGSEND = YES;
				ENABLE_TESTABILITY = YES;
				GCC_C_LANGUAGE_STANDARD = c11;
				GCC_INLINES_ARE_PRIVATE_EXTERN = YES;
				GCC_MODEL_TUNING = G5;
				GCC_NO_COMMON_BLOCKS = YES;
				GCC_SYMBOLS_PRIVATE_EXTERN = YES;
				GCC_WARN_64_TO_32_BIT_CONVERSION = YES;
				GCC_WARN_ABOUT_RETURN_TYPE = YES;
				GCC_WARN_CHECK_SWITCH_STATEMENTS = YES;
				GCC_WARN_MISSING_PARENTHESES = YES;
				GCC_WARN_NON_VIRTUAL_DESTRUCTOR = YES;
				GCC_WARN_TYPECHECK_CALLS_TO_PRINTF = YES;
				GCC_WARN_UNDECLARED_SELECTOR = YES;
				GCC_WARN_UNINITIALIZED_AUTOS = YES;
				GCC_WARN_UNUSED_FUNCTION = YES;
				GCC_WARN_UNUSED_VARIABLE = YES;
				ONLY_ACTIVE_ARCH = YES;
				PRODUCT_NAME = nopainnoGain;
				SDKROOT = macosx;
				WARNING_CFLAGS = "-Wreorder";
				ZERO_LINK = NO;
			};
			name = Debug;
		};
/* End XCBuildConfiguration section */

/* Begin XCConfigurationList section */
		220CFB3D0064F672661F1347 /* Build configuration list for PBXProject "nopainnoGain" */ = {
			isa = XCConfigurationList;
			buildConfigurations = (
				FAAEF25DADFF5594650EE184 /* Debug */,
				9A92552618CF7DBDF227D548 /* Release */,
			);
			defaultConfigurationIsVisible = 0;
			defaultConfigurationName = Debug;
		};
		3817A77945F7BAE2327083D1 /* Build configuration list for PBXNativeTarget "nopainnoGain - AU" */ = {
			isa = XCConfigurationList;
			buildConfigurations = (
				C53256426317C5BB98C41D5A /* Debug */,
				DF96C53F5A5702010843A496 /* Release */,
			);
			defaultConfigurationIsVisible = 0;
			defaultConfigurationName = Debug;
		};
		8966673E46AD862FF7300BE0 /* Build configuration list for PBXNativeTarget "nopainnoGain - Standalone Plugin" */ = {
			isa = XCConfigurationList;
			buildConfigurations = (
				50811238C421270D22104657 /* Debug */,
				5BA9F190E4D3DBF9C471E15A /* Release */,
			);
			defaultConfigurationIsVisible = 0;
			defaultConfigurationName = Debug;
		};
		950934B9F52D024705711D56 /* Build configuration list for PBXAggregateTarget "nopainnoGain - All" */ = {
			isa = XCConfigurationList;
			buildConfigurations = (
				861892A1C8F04A1C5BD65FEF /* Debug */,
				6EAA242AEDFE24ED5E88CE32 /* Release */,
			);
			defaultConfigurationIsVisible = 0;
			defaultConfigurationName = Debug;
		};
		AB5095E1F76B3DBFE919071D /* Build configuration list for PBXNativeTarget "nopainnoGain - Shared Code" */ = {
			isa = XCConfigurationList;
			buildConfigurations = (
				8E3658BF7103CF63A7361DF5 /* Debug */,
				45147C49264B63A0E28242B1 /* Release */,
			);
			defaultConfigurationIsVisible = 0;
			defaultConfigurationName = Debug;
		};
		CC5FC6266AF80A0D03A967F1 /* Build configuration list for PBXNativeTarget "nopainnoGain - VST3" */ = {
			isa = XCConfigurationList;
			buildConfigurations = (
				8936EFAF4E04669EBCADF1F4 /* Debug */,
				D9BE51D13E106357877EA7B8 /* Release */,
			);
			defaultConfigurationIsVisible = 0;
			defaultConfigurationName = Debug;
		};
/* End XCConfigurationList section */
	};
	rootObject = F20824F361C01472079C88D4 /* Project object */;
}
